{
  "version": 4,
  "terraform_version": "0.12.29",
  "serial": 440,
  "lineage": "1d28e33a-dc11-e3a0-ed98-5ad7eb33ca4f",
  "outputs": {},
  "resources": [
    {
      "mode": "managed",
      "type": "aws_route_table_association",
      "name": "bastion_rta",
      "each": "list",
      "provider": "provider.aws",
      "instances": []
    },
    {
      "mode": "managed",
      "type": "aws_route_table_association",
      "name": "demo",
      "each": "list",
      "provider": "provider.aws",
      "instances": []
    },
    {
      "mode": "managed",
      "type": "aws_subnet",
      "name": "compute_subnet",
      "each": "list",
      "provider": "provider.aws",
      "instances": []
    },
    {
      "mode": "managed",
      "type": "aws_subnet",
      "name": "connectivity_subnet",
      "each": "list",
      "provider": "provider.aws",
      "instances": []
    },
    {
      "mode": "managed",
      "type": "aws_vpc",
      "name": "connectivity_vpc",
      "provider": "provider.aws",
      "instances": [
        {
          "schema_version": 1,
          "attributes": {
            "arn": "arn:aws:ec2:eu-west-2:577953653387:vpc/vpc-0ab14f75051ae4904",
            "assign_generated_ipv6_cidr_block": false,
            "cidr_block": "10.3.0.0/16",
            "default_network_acl_id": "acl-0c4aeac2ad6874178",
            "default_route_table_id": "rtb-034e410e0251571ed",
            "default_security_group_id": "sg-0031aed0c398f5995",
            "dhcp_options_id": "dopt-6cdcfc04",
            "enable_classiclink": null,
            "enable_classiclink_dns_support": null,
            "enable_dns_hostnames": false,
            "enable_dns_support": true,
            "id": "vpc-0ab14f75051ae4904",
            "instance_tenancy": "default",
            "ipv6_association_id": "",
            "ipv6_cidr_block": "",
            "main_route_table_id": "rtb-034e410e0251571ed",
            "owner_id": "577953653387",
            "tags": {
              "Name": "connectivity-vpc"
            }
          }
        }
      ]
    }
  ]
}
