{
  "version": 4,
  "terraform_version": "0.12.29",
  "serial": 306,
  "lineage": "1d28e33a-dc11-e3a0-ed98-5ad7eb33ca4f",
  "outputs": {
    "bastion_public_dns": {
      "value": "",
      "type": "string"
    },
    "config_map_aws_auth": {
      "value": "\n\napiVersion: v1\nkind: ConfigMap\nmetadata:\n  name: aws-auth\n  namespace: kube-system\ndata:\n  mapRoles: |\n    - rolearn: arn:aws:iam::577953653387:role/terraform-eks-demo-node\n      username: system:node:{{EC2PrivateDNSName}}\n      groups:\n        - system:bootstrappers\n        - system:nodes\n",
      "type": "string"
    },
    "kubeconfig": {
      "value": "\n\napiVersion: v1\nclusters:\n- cluster:\n    server: https://8764964C6AC500554ED6BBCBFBD8EF3D.gr7.us-west-2.eks.amazonaws.com\n    certificate-authority-data: LS0tLS1CRUdJTiBDRVJUSUZJQ0FURS0tLS0tCk1JSUN5RENDQWJDZ0F3SUJBZ0lCQURBTkJna3Foa2lHOXcwQkFRc0ZBREFWTVJNd0VRWURWUVFERXdwcmRXSmwKY201bGRHVnpNQjRYRFRJd01EZ3dOREV3TlRZMU0xb1hEVE13TURnd01qRXdOVFkxTTFvd0ZURVRNQkVHQTFVRQpBeE1LYTNWaVpYSnVaWFJsY3pDQ0FTSXdEUVlKS29aSWh2Y05BUUVCQlFBRGdnRVBBRENDQVFvQ2dnRUJBTjh0CnBNZ0VsZFQ2dXY4RFNXR2t2a2V4aWFaSGs5MG9CYS9MRnY1L29ZUmJnV25yWVVSM0drSEFEQXZFZFlob3Y1MWEKU0lkS2duVlc0ZnpCRFdDQUZuNFhORGtURjQyK3NEWDh3bS9OUnBPWSswSVNmODE5czU0N0o2czVSYVVDSWpxcgp5VWlJTmN4OVcwd1dkT3FBMW1Nc3ZCTjRsbCtKTG9yRGowRHlNMzNzVmFaNzhFRitEYlI5a1Y3dnFoRWpGZzlPCi9xbFBGZ3BOOHVINnExaTVncXNWWnVMTlhOWjZ2SDZUMTlTQ25jZzYvcEpxUTJNSnZFZFVuRldlOG8wQW9UaEsKc0hqaExvZS9FZ2hwZlFCVzRXUGRWci9MWVVjcVRRUlJFcU9mMlZOWGRlTEdVR1lhdERoTFhuNGdIM3NEd09xcQpmdkFscTVadHpGeTdyc1UwNGxVQ0F3RUFBYU1qTUNFd0RnWURWUjBQQVFIL0JBUURBZ0trTUE4R0ExVWRFd0VCCi93UUZNQU1CQWY4d0RRWUpLb1pJaHZjTkFRRUxCUUFEZ2dFQkFGTU1ZMkd0RDhTMlA2MGlidWg3SVR3bW1KNTgKTWlhR1lScVF3Qk1GakI1ZWxBUG40OGsvV3Y2bFFLN3ZJUkd3cmNUdWFUTUwrK3pocE56eHoyVW1rcXBubUltNgpLeUt2ZThubm9DSWdSQ0ZCUXduSVpsZnc4cG9JdTlnWGNKcEdZZnZyY0h6enhGM2hrZG1sNm9jZzBjYy9BUHQ5CjJEYlNKQk9SRC9rd3RvUVhCbXlVcmxNREhUM2RUR2dLamFrN2FZQUttRlRrMEM3eUN4cnM0d0l0RUlsTzBiRjUKRjA3U0x2ei9TeWMrMEcycWlXUUxwY2V1YU5yb0I3ald4UHJlWUlrdENTd1B4bVBVTCtOZzNLa1NkaFNDWS9BRwpscGhEdEx0MkRFK3BSdHhydDZUbmI2OWVmZmRQZnppK3pjSE45L3I5QnJ0d2o5V2dqYlN5b0hVd29Zbz0KLS0tLS1FTkQgQ0VSVElGSUNBVEUtLS0tLQo=\n  name: kubernetes\ncontexts:\n- context:\n    cluster: kubernetes\n    user: aws\n  name: aws\ncurrent-context: aws\nkind: Config\npreferences: {}\nusers:\n- name: aws\n  user:\n    exec:\n      apiVersion: client.authentication.k8s.io/v1alpha1\n      command: aws-iam-authenticator\n      args:\n        - \"token\"\n        - \"-i\"\n        - \"laravel-nairobi-demo\"\n",
      "type": "string"
    }
  },
  "resources": [
    {
      "mode": "data",
      "type": "aws_availability_zones",
      "name": "available",
      "provider": "provider.aws",
      "instances": [
        {
          "schema_version": 0,
          "attributes": {
            "all_availability_zones": null,
            "exclude_names": null,
            "exclude_zone_ids": null,
            "filter": null,
            "group_names": [
              "us-west-2"
            ],
            "id": "2020-08-04 12:42:58.219796 +0000 UTC",
            "names": [
              "us-west-2a",
              "us-west-2b",
              "us-west-2c",
              "us-west-2d"
            ],
            "state": null,
            "zone_ids": [
              "usw2-az2",
              "usw2-az1",
              "usw2-az3",
              "usw2-az4"
            ]
          }
        }
      ]
    },
    {
      "mode": "data",
      "type": "http",
      "name": "workstation-external-ip",
      "provider": "provider.http",
      "instances": [
        {
          "schema_version": 0,
          "attributes": {
            "body": "45.56.183.134\n",
            "id": "2020-08-04 12:42:53.423315 +0000 UTC",
            "request_headers": null,
            "response_headers": {
              "Access-Control-Allow-Methods": "GET",
              "Access-Control-Allow-Origin": "*",
              "Content-Length": "14",
              "Content-Type": "text/plain; charset=UTF-8",
              "Date": "Tue, 04 Aug 2020 12:42:53 GMT",
              "Server": "nginx",
              "X-Rtfm": "Learn about this site at http://bit.ly/icanhazip-faq and do not abuse the service.",
              "X-Security": "This site DOES NOT distribute malware. Get the facts. https://goo.gl/1FhVpg"
            },
            "url": "http://ipv4.icanhazip.com"
          }
        }
      ]
    },
    {
      "mode": "managed",
      "type": "aws_db_subnet_group",
      "name": "database_subnet_group",
      "provider": "provider.aws",
      "instances": [
        {
          "schema_version": 0,
          "attributes": {
            "arn": "arn:aws:rds:us-west-2:577953653387:subgrp:database_subnet_group",
            "description": "Managed by Terraform",
            "id": "database_subnet_group",
            "name": "database_subnet_group",
            "name_prefix": null,
            "subnet_ids": [
              "subnet-039cf6ac451356575",
              "subnet-041e18a988d1949d1",
              "subnet-0f49671cd092d9ef2"
            ],
            "tags": {
              "Name": "Production-rds-subnet-group"
            }
          },
          "private": "bnVsbA==",
          "dependencies": [
            "aws_subnet.database_subnet_1",
            "aws_subnet.database_subnet_2",
            "aws_subnet.database_subnet_3",
            "aws_vpc.database_vpc"
          ]
        }
      ]
    },
    {
      "mode": "managed",
      "type": "aws_eks_cluster",
      "name": "demo",
      "provider": "provider.aws",
      "instances": [
        {
          "schema_version": 0,
          "attributes": {
            "arn": "arn:aws:eks:us-west-2:577953653387:cluster/laravel-nairobi-demo",
            "certificate_authority": [
              {
                "data": "LS0tLS1CRUdJTiBDRVJUSUZJQ0FURS0tLS0tCk1JSUN5RENDQWJDZ0F3SUJBZ0lCQURBTkJna3Foa2lHOXcwQkFRc0ZBREFWTVJNd0VRWURWUVFERXdwcmRXSmwKY201bGRHVnpNQjRYRFRJd01EZ3dOREV3TlRZMU0xb1hEVE13TURnd01qRXdOVFkxTTFvd0ZURVRNQkVHQTFVRQpBeE1LYTNWaVpYSnVaWFJsY3pDQ0FTSXdEUVlKS29aSWh2Y05BUUVCQlFBRGdnRVBBRENDQVFvQ2dnRUJBTjh0CnBNZ0VsZFQ2dXY4RFNXR2t2a2V4aWFaSGs5MG9CYS9MRnY1L29ZUmJnV25yWVVSM0drSEFEQXZFZFlob3Y1MWEKU0lkS2duVlc0ZnpCRFdDQUZuNFhORGtURjQyK3NEWDh3bS9OUnBPWSswSVNmODE5czU0N0o2czVSYVVDSWpxcgp5VWlJTmN4OVcwd1dkT3FBMW1Nc3ZCTjRsbCtKTG9yRGowRHlNMzNzVmFaNzhFRitEYlI5a1Y3dnFoRWpGZzlPCi9xbFBGZ3BOOHVINnExaTVncXNWWnVMTlhOWjZ2SDZUMTlTQ25jZzYvcEpxUTJNSnZFZFVuRldlOG8wQW9UaEsKc0hqaExvZS9FZ2hwZlFCVzRXUGRWci9MWVVjcVRRUlJFcU9mMlZOWGRlTEdVR1lhdERoTFhuNGdIM3NEd09xcQpmdkFscTVadHpGeTdyc1UwNGxVQ0F3RUFBYU1qTUNFd0RnWURWUjBQQVFIL0JBUURBZ0trTUE4R0ExVWRFd0VCCi93UUZNQU1CQWY4d0RRWUpLb1pJaHZjTkFRRUxCUUFEZ2dFQkFGTU1ZMkd0RDhTMlA2MGlidWg3SVR3bW1KNTgKTWlhR1lScVF3Qk1GakI1ZWxBUG40OGsvV3Y2bFFLN3ZJUkd3cmNUdWFUTUwrK3pocE56eHoyVW1rcXBubUltNgpLeUt2ZThubm9DSWdSQ0ZCUXduSVpsZnc4cG9JdTlnWGNKcEdZZnZyY0h6enhGM2hrZG1sNm9jZzBjYy9BUHQ5CjJEYlNKQk9SRC9rd3RvUVhCbXlVcmxNREhUM2RUR2dLamFrN2FZQUttRlRrMEM3eUN4cnM0d0l0RUlsTzBiRjUKRjA3U0x2ei9TeWMrMEcycWlXUUxwY2V1YU5yb0I3ald4UHJlWUlrdENTd1B4bVBVTCtOZzNLa1NkaFNDWS9BRwpscGhEdEx0MkRFK3BSdHhydDZUbmI2OWVmZmRQZnppK3pjSE45L3I5QnJ0d2o5V2dqYlN5b0hVd29Zbz0KLS0tLS1FTkQgQ0VSVElGSUNBVEUtLS0tLQo="
              }
            ],
            "created_at": "2020-08-04 10:49:21 +0000 UTC",
            "enabled_cluster_log_types": [],
            "encryption_config": [],
            "endpoint": "https://8764964C6AC500554ED6BBCBFBD8EF3D.gr7.us-west-2.eks.amazonaws.com",
            "id": "laravel-nairobi-demo",
            "identity": [
              {
                "oidc": [
                  {
                    "issuer": "https://oidc.eks.us-west-2.amazonaws.com/id/8764964C6AC500554ED6BBCBFBD8EF3D"
                  }
                ]
              }
            ],
            "name": "laravel-nairobi-demo",
            "platform_version": "eks.2",
            "role_arn": "arn:aws:iam::577953653387:role/terraform-eks-demo-cluster",
            "status": "ACTIVE",
            "tags": {},
            "timeouts": null,
            "version": "1.16",
            "vpc_config": [
              {
                "cluster_security_group_id": "sg-01be5d274ee3c789c",
                "endpoint_private_access": false,
                "endpoint_public_access": true,
                "public_access_cidrs": [
                  "0.0.0.0/0"
                ],
                "security_group_ids": [
                  "sg-0e239bc208c468ff9"
                ],
                "subnet_ids": [
                  "subnet-03978067601271c40",
                  "subnet-0816ff0fb9d921f03",
                  "subnet-0ad54c8dc64c8a714"
                ],
                "vpc_id": "vpc-08ed306a276371cd3"
              }
            ]
          },
          "private": "eyJlMmJmYjczMC1lY2FhLTExZTYtOGY4OC0zNDM2M2JjN2M0YzAiOnsiY3JlYXRlIjoxODAwMDAwMDAwMDAwLCJkZWxldGUiOjkwMDAwMDAwMDAwMCwidXBkYXRlIjozNjAwMDAwMDAwMDAwfX0=",
          "dependencies": [
            "aws_iam_role.demo-cluster",
            "aws_iam_role_policy_attachment.demo-cluster-AmazonEKSClusterPolicy",
            "aws_iam_role_policy_attachment.demo-cluster-AmazonEKSServicePolicy",
            "aws_security_group.demo-cluster",
            "aws_subnet.compute_subnet",
            "aws_vpc.compute_vpc"
          ]
        }
      ]
    },
    {
      "mode": "managed",
      "type": "aws_eks_node_group",
      "name": "demo",
      "provider": "provider.aws",
      "instances": [
        {
          "schema_version": 0,
          "attributes": {
            "ami_type": "AL2_x86_64",
            "arn": "arn:aws:eks:us-west-2:577953653387:nodegroup/laravel-nairobi-demo/demo/e2b9dc90-0698-2386-616d-fdb9e108e304",
            "cluster_name": "laravel-nairobi-demo",
            "disk_size": 20,
            "force_update_version": null,
            "id": "laravel-nairobi-demo:demo",
            "instance_types": [
              "t3.medium"
            ],
            "labels": {},
            "node_group_name": "demo",
            "node_role_arn": "arn:aws:iam::577953653387:role/terraform-eks-demo-node",
            "release_version": "1.16.13-20200723",
            "remote_access": [],
            "resources": [
              {
                "autoscaling_groups": [
                  {
                    "name": "eks-e2b9dc90-0698-2386-616d-fdb9e108e304"
                  }
                ],
                "remote_access_security_group_id": ""
              }
            ],
            "scaling_config": [
              {
                "desired_size": 1,
                "max_size": 1,
                "min_size": 1
              }
            ],
            "status": "ACTIVE",
            "subnet_ids": [
              "subnet-03978067601271c40",
              "subnet-0816ff0fb9d921f03",
              "subnet-0ad54c8dc64c8a714"
            ],
            "tags": {},
            "timeouts": null,
            "version": "1.16"
          },
          "private": "eyJlMmJmYjczMC1lY2FhLTExZTYtOGY4OC0zNDM2M2JjN2M0YzAiOnsiY3JlYXRlIjozNjAwMDAwMDAwMDAwLCJkZWxldGUiOjM2MDAwMDAwMDAwMDAsInVwZGF0ZSI6MzYwMDAwMDAwMDAwMH19",
          "dependencies": [
            "aws_eks_cluster.demo",
            "aws_iam_role.demo-cluster",
            "aws_iam_role.demo-node",
            "aws_iam_role_policy_attachment.demo-cluster-AmazonEKSClusterPolicy",
            "aws_iam_role_policy_attachment.demo-cluster-AmazonEKSServicePolicy",
            "aws_iam_role_policy_attachment.demo-node-AmazonEC2ContainerRegistryReadOnly",
            "aws_iam_role_policy_attachment.demo-node-AmazonEKSWorkerNodePolicy",
            "aws_iam_role_policy_attachment.demo-node-AmazonEKS_CNI_Policy",
            "aws_security_group.demo-cluster",
            "aws_subnet.compute_subnet",
            "aws_vpc.compute_vpc"
          ]
        }
      ]
    },
    {
      "mode": "managed",
      "type": "aws_iam_role",
      "name": "demo-cluster",
      "provider": "provider.aws",
      "instances": [
        {
          "schema_version": 0,
          "attributes": {
            "arn": "arn:aws:iam::577953653387:role/terraform-eks-demo-cluster",
            "assume_role_policy": "{\"Version\":\"2012-10-17\",\"Statement\":[{\"Effect\":\"Allow\",\"Principal\":{\"Service\":\"eks.amazonaws.com\"},\"Action\":\"sts:AssumeRole\"}]}",
            "create_date": "2020-08-04T10:48:44Z",
            "description": "",
            "force_detach_policies": false,
            "id": "terraform-eks-demo-cluster",
            "max_session_duration": 3600,
            "name": "terraform-eks-demo-cluster",
            "name_prefix": null,
            "path": "/",
            "permissions_boundary": null,
            "tags": {},
            "unique_id": "AROAYNEFY4KFTVHJQXOH4"
          },
          "private": "bnVsbA=="
        }
      ]
    },
    {
      "mode": "managed",
      "type": "aws_iam_role",
      "name": "demo-node",
      "provider": "provider.aws",
      "instances": [
        {
          "schema_version": 0,
          "attributes": {
            "arn": "arn:aws:iam::577953653387:role/terraform-eks-demo-node",
            "assume_role_policy": "{\"Version\":\"2012-10-17\",\"Statement\":[{\"Effect\":\"Allow\",\"Principal\":{\"Service\":\"ec2.amazonaws.com\"},\"Action\":\"sts:AssumeRole\"}]}",
            "create_date": "2020-08-04T10:48:44Z",
            "description": "",
            "force_detach_policies": false,
            "id": "terraform-eks-demo-node",
            "max_session_duration": 3600,
            "name": "terraform-eks-demo-node",
            "name_prefix": null,
            "path": "/",
            "permissions_boundary": null,
            "tags": {},
            "unique_id": "AROAYNEFY4KF4ZQ3AIXRS"
          },
          "private": "bnVsbA=="
        }
      ]
    },
    {
      "mode": "managed",
      "type": "aws_iam_role_policy_attachment",
      "name": "demo-cluster-AmazonEKSClusterPolicy",
      "provider": "provider.aws",
      "instances": [
        {
          "schema_version": 0,
          "attributes": {
            "id": "terraform-eks-demo-cluster-20200804104846928300000003",
            "policy_arn": "arn:aws:iam::aws:policy/AmazonEKSClusterPolicy",
            "role": "terraform-eks-demo-cluster"
          },
          "private": "bnVsbA==",
          "dependencies": [
            "aws_iam_role.demo-cluster"
          ]
        }
      ]
    },
    {
      "mode": "managed",
      "type": "aws_iam_role_policy_attachment",
      "name": "demo-cluster-AmazonEKSServicePolicy",
      "provider": "provider.aws",
      "instances": [
        {
          "schema_version": 0,
          "attributes": {
            "id": "terraform-eks-demo-cluster-20200804104846935000000004",
            "policy_arn": "arn:aws:iam::aws:policy/AmazonEKSServicePolicy",
            "role": "terraform-eks-demo-cluster"
          },
          "private": "bnVsbA==",
          "dependencies": [
            "aws_iam_role.demo-cluster"
          ]
        }
      ]
    },
    {
      "mode": "managed",
      "type": "aws_iam_role_policy_attachment",
      "name": "demo-node-AmazonEC2ContainerRegistryReadOnly",
      "provider": "provider.aws",
      "instances": [
        {
          "schema_version": 0,
          "attributes": {
            "id": "terraform-eks-demo-node-20200804104846944100000005",
            "policy_arn": "arn:aws:iam::aws:policy/AmazonEC2ContainerRegistryReadOnly",
            "role": "terraform-eks-demo-node"
          },
          "private": "bnVsbA==",
          "dependencies": [
            "aws_iam_role.demo-node"
          ]
        }
      ]
    },
    {
      "mode": "managed",
      "type": "aws_iam_role_policy_attachment",
      "name": "demo-node-AmazonEKSWorkerNodePolicy",
      "provider": "provider.aws",
      "instances": [
        {
          "schema_version": 0,
          "attributes": {
            "id": "terraform-eks-demo-node-20200804104846888300000001",
            "policy_arn": "arn:aws:iam::aws:policy/AmazonEKSWorkerNodePolicy",
            "role": "terraform-eks-demo-node"
          },
          "private": "bnVsbA==",
          "dependencies": [
            "aws_iam_role.demo-node"
          ]
        }
      ]
    },
    {
      "mode": "managed",
      "type": "aws_iam_role_policy_attachment",
      "name": "demo-node-AmazonEKS_CNI_Policy",
      "provider": "provider.aws",
      "instances": [
        {
          "schema_version": 0,
          "attributes": {
            "id": "terraform-eks-demo-node-20200804104846927700000002",
            "policy_arn": "arn:aws:iam::aws:policy/AmazonEKS_CNI_Policy",
            "role": "terraform-eks-demo-node"
          },
          "private": "bnVsbA==",
          "dependencies": [
            "aws_iam_role.demo-node"
          ]
        }
      ]
    },
    {
      "mode": "managed",
      "type": "aws_instance",
      "name": "bastion",
      "provider": "provider.aws",
      "instances": [
        {
          "schema_version": 1,
          "attributes": {
            "ami": "ami-067f5c3d5a99edc80",
            "arn": "arn:aws:ec2:us-west-2:577953653387:instance/i-03c221256a86a208e",
            "associate_public_ip_address": true,
            "availability_zone": "us-west-2a",
            "cpu_core_count": 1,
            "cpu_threads_per_core": 1,
            "credit_specification": [
              {
                "cpu_credits": "standard"
              }
            ],
            "disable_api_termination": false,
            "ebs_block_device": [],
            "ebs_optimized": false,
            "ephemeral_block_device": [],
            "get_password_data": false,
            "hibernation": false,
            "host_id": null,
            "iam_instance_profile": "",
            "id": "i-03c221256a86a208e",
            "instance_initiated_shutdown_behavior": null,
            "instance_state": "running",
            "instance_type": "t2.micro",
            "ipv6_address_count": 0,
            "ipv6_addresses": [],
            "key_name": "your_key_name",
            "metadata_options": [
              {
                "http_endpoint": "enabled",
                "http_put_response_hop_limit": 1,
                "http_tokens": "optional"
              }
            ],
            "monitoring": false,
            "network_interface": [],
            "outpost_arn": "",
            "password_data": "",
            "placement_group": "",
            "primary_network_interface_id": "eni-0d645aa79797fad93",
            "private_dns": "ip-10-3-0-119.us-west-2.compute.internal",
            "private_ip": "10.3.0.119",
            "public_dns": "",
            "public_ip": "34.214.74.191",
            "root_block_device": [
              {
                "delete_on_termination": true,
                "device_name": "/dev/xvda",
                "encrypted": false,
                "iops": 100,
                "kms_key_id": "",
                "volume_id": "vol-07a72551f9a614c4b",
                "volume_size": 8,
                "volume_type": "gp2"
              }
            ],
            "secondary_private_ips": [],
            "security_groups": [],
            "source_dest_check": true,
            "subnet_id": "subnet-07d4a3d93e629a0a0",
            "tags": {
              "Name": "bastion ec2"
            },
            "tenancy": "default",
            "timeouts": null,
            "user_data": null,
            "user_data_base64": null,
            "volume_tags": {},
            "vpc_security_group_ids": [
              "sg-0b664426e210acc02"
            ]
          },
          "private": "eyJlMmJmYjczMC1lY2FhLTExZTYtOGY4OC0zNDM2M2JjN2M0YzAiOnsiY3JlYXRlIjo2MDAwMDAwMDAwMDAsImRlbGV0ZSI6MTIwMDAwMDAwMDAwMCwidXBkYXRlIjo2MDAwMDAwMDAwMDB9LCJzY2hlbWFfdmVyc2lvbiI6IjEifQ==",
          "dependencies": [
            "aws_key_pair.bastion_key",
            "aws_subnet.connectivity_subnet"
          ]
        }
      ]
    },
    {
      "mode": "managed",
      "type": "aws_internet_gateway",
      "name": "bastion_internet_gateway",
      "provider": "provider.aws",
      "instances": [
        {
          "schema_version": 0,
          "attributes": {
            "arn": "arn:aws:ec2:us-west-2:577953653387:internet-gateway/igw-06c0304e9ab10301c",
            "id": "igw-06c0304e9ab10301c",
            "owner_id": "577953653387",
            "tags": {
              "Name": "internet-gateway"
            },
            "vpc_id": "vpc-0bd5f8dcd8d240a94"
          },
          "private": "bnVsbA==",
          "dependencies": [
            "aws_vpc.connectivity_vpc"
          ]
        }
      ]
    },
    {
      "mode": "managed",
      "type": "aws_internet_gateway",
      "name": "demo",
      "provider": "provider.aws",
      "instances": [
        {
          "schema_version": 0,
          "attributes": {
            "arn": "arn:aws:ec2:us-west-2:577953653387:internet-gateway/igw-0352ab70dc9fad4a4",
            "id": "igw-0352ab70dc9fad4a4",
            "owner_id": "577953653387",
            "tags": {
              "Name": "internet-gateway"
            },
            "vpc_id": "vpc-08ed306a276371cd3"
          },
          "private": "bnVsbA==",
          "dependencies": [
            "aws_vpc.compute_vpc"
          ]
        }
      ]
    },
    {
      "mode": "managed",
      "type": "aws_key_pair",
      "name": "bastion_key",
      "provider": "provider.aws",
      "instances": [
        {
          "schema_version": 1,
          "attributes": {
            "arn": "arn:aws:ec2:us-west-2:577953653387:key-pair/your_key_name",
            "fingerprint": "5d:1c:28:fb:43:e5:ed:41:d0:99:76:af:de:91:33:dc",
            "id": "your_key_name",
            "key_name": "your_key_name",
            "key_name_prefix": null,
            "key_pair_id": "key-0e5017ce6776581d3",
            "public_key": "ssh-rsa AAAAB3NzaC1yc2EAAAADAQABAAACAQDZlrIVR9gEYn+Fqt8DNTiQuYzuHYIynwc9/cvjib6b6Ry4RCmcE87oh7ZGFkBuLiTcY3znJS6hu0Uy+tP7ZNy5+MWq/iY/l7ZRwpJ2c827gMguetHhZ6SPohzJK3kRQbHR4wCwKDE7OoefIKdT7okdmqA+j7YMkvvpKpaSq+0lxEDd1gb6cVTxz2R5ZB2SlNLJBFEAafRo/RT+1gztemgF+KAl/4DyNVh8WjzDRbo8XAagVWnWVL3//Kjd0/o07r8YuXkRDV3Y1KlIuSA/rz+lFNvmA7t6E3h4SfjYtI4PRh4zkf01SI/ABIBs8zFGyHvLk4TEkhR6VbJDZ4C/maveBD2GEspXt620oVpu9Ntu2vfQ/SUNf2XK20SJStjTTAuf/kMYDxpWL55jg8wsNm6FguAl73iRHFTv+s8HScxUo+9gCbjylg3Tak6Kdk/luvMuMT9zhDs4SjB3JHsg6faURDwh8GglM2Fq4aoLEvuQYK+pkTAjPL1D94NdA54qEVUTBmBuHZnTjSRXN69OTWNDZYDV9fF2THC9U+XsQvxz1eggO/B/8DknoUxeTzIxBFdGG5lzfLeOC2VS/ztr4gXxlJUeNk3Qqx8iuxuKvHRij9EZE3p6Xfxq5FbBwKp9p9IZbROF5sh+m0Z1lvRNxvzGsSPnfPOfIH/e+gZU2i6O2w== nandwa.moses@gmail.com",
            "tags": {}
          },
          "private": "eyJzY2hlbWFfdmVyc2lvbiI6IjEifQ=="
        }
      ]
    },
    {
      "mode": "managed",
      "type": "aws_rds_cluster",
      "name": "cluster",
      "provider": "provider.aws",
      "instances": [
        {
          "schema_version": 0,
          "attributes": {
            "apply_immediately": null,
            "arn": "arn:aws:rds:us-west-2:577953653387:cluster:production-rds-cluster",
            "availability_zones": [
              "us-west-2a",
              "us-west-2b",
              "us-west-2c"
            ],
            "backtrack_window": 0,
            "backup_retention_period": 1,
            "cluster_identifier": "production-rds-cluster",
            "cluster_identifier_prefix": null,
            "cluster_members": [
              "production-rds-cluster-instance"
            ],
            "cluster_resource_id": "cluster-2GG3GGN5CNYPQDGFUJ6GDEY2AI",
            "copy_tags_to_snapshot": false,
            "database_name": "sample_rds",
            "db_cluster_parameter_group_name": "default.aurora-mysql5.7",
            "db_subnet_group_name": "database_subnet_group",
            "deletion_protection": false,
            "enable_http_endpoint": false,
            "enabled_cloudwatch_logs_exports": [],
            "endpoint": "production-rds-cluster.cluster-cyu5afbmg8k7.us-west-2.rds.amazonaws.com",
            "engine": "aurora-mysql",
            "engine_mode": "provisioned",
            "engine_version": "5.7.mysql_aurora.2.03.2",
            "final_snapshot_identifier": null,
            "global_cluster_identifier": "",
            "hosted_zone_id": "Z1PVIF0B656C1W",
            "iam_database_authentication_enabled": false,
            "iam_roles": [],
            "id": "production-rds-cluster",
            "kms_key_id": "",
            "master_password": "password",
            "master_username": "master",
            "port": 3306,
            "preferred_backup_window": "12:47-13:17",
            "preferred_maintenance_window": "fri:11:26-fri:11:56",
            "reader_endpoint": "production-rds-cluster.cluster-ro-cyu5afbmg8k7.us-west-2.rds.amazonaws.com",
            "replication_source_identifier": "",
            "s3_import": [],
            "scaling_configuration": [],
            "skip_final_snapshot": true,
            "snapshot_identifier": null,
            "source_region": null,
            "storage_encrypted": false,
            "tags": {},
            "timeouts": null,
            "vpc_security_group_ids": [
              "sg-0e05359c7d43ea6c5"
            ]
          },
          "private": "eyJlMmJmYjczMC1lY2FhLTExZTYtOGY4OC0zNDM2M2JjN2M0YzAiOnsiY3JlYXRlIjo3MjAwMDAwMDAwMDAwLCJkZWxldGUiOjcyMDAwMDAwMDAwMDAsInVwZGF0ZSI6NzIwMDAwMDAwMDAwMH19",
          "dependencies": [
            "aws_security_group.aurora-sg"
          ]
        }
      ]
    },
    {
      "mode": "managed",
      "type": "aws_rds_cluster_instance",
      "name": "cluster_instances",
      "provider": "provider.aws",
      "instances": [
        {
          "schema_version": 0,
          "attributes": {
            "apply_immediately": null,
            "arn": "arn:aws:rds:us-west-2:577953653387:db:production-rds-cluster-instance",
            "auto_minor_version_upgrade": true,
            "availability_zone": "us-west-2c",
            "ca_cert_identifier": "rds-ca-2019",
            "cluster_identifier": "production-rds-cluster",
            "copy_tags_to_snapshot": false,
            "db_parameter_group_name": "default.aurora-mysql5.7",
            "db_subnet_group_name": "database_subnet_group",
            "dbi_resource_id": "db-KC22R534GUA6K7WK33EZ55TTPQ",
            "endpoint": "production-rds-cluster-instance.cyu5afbmg8k7.us-west-2.rds.amazonaws.com",
            "engine": "aurora-mysql",
            "engine_version": "5.7.mysql_aurora.2.03.2",
            "id": "production-rds-cluster-instance",
            "identifier": "production-rds-cluster-instance",
            "identifier_prefix": null,
            "instance_class": "db.t2.small",
            "kms_key_id": "",
            "monitoring_interval": 0,
            "monitoring_role_arn": "",
            "performance_insights_enabled": false,
            "performance_insights_kms_key_id": "",
            "port": 3306,
            "preferred_backup_window": "12:47-13:17",
            "preferred_maintenance_window": "fri:09:31-fri:10:01",
            "promotion_tier": 0,
            "publicly_accessible": false,
            "storage_encrypted": false,
            "tags": {},
            "timeouts": null,
            "writer": true
          },
          "private": "eyJlMmJmYjczMC1lY2FhLTExZTYtOGY4OC0zNDM2M2JjN2M0YzAiOnsiY3JlYXRlIjo1NDAwMDAwMDAwMDAwLCJkZWxldGUiOjU0MDAwMDAwMDAwMDAsInVwZGF0ZSI6NTQwMDAwMDAwMDAwMH19",
          "dependencies": [
            "aws_rds_cluster.cluster",
            "aws_security_group.aurora-sg"
          ]
        }
      ]
    },
    {
      "mode": "managed",
      "type": "aws_route_table",
      "name": "bastion_route_table",
      "provider": "provider.aws",
      "instances": [
        {
          "schema_version": 0,
          "attributes": {
            "id": "rtb-076dcd6bf6f874efc",
            "owner_id": "577953653387",
            "propagating_vgws": [],
            "route": [
              {
                "cidr_block": "0.0.0.0/0",
                "egress_only_gateway_id": "",
                "gateway_id": "igw-06c0304e9ab10301c",
                "instance_id": "",
                "ipv6_cidr_block": "",
                "nat_gateway_id": "",
                "network_interface_id": "",
                "transit_gateway_id": "",
                "vpc_peering_connection_id": ""
              }
            ],
            "tags": null,
            "vpc_id": "vpc-0bd5f8dcd8d240a94"
          },
          "private": "bnVsbA==",
          "dependencies": [
            "aws_internet_gateway.bastion_internet_gateway",
            "aws_vpc.connectivity_vpc"
          ]
        }
      ]
    },
    {
      "mode": "managed",
      "type": "aws_route_table",
      "name": "demo",
      "provider": "provider.aws",
      "instances": [
        {
          "schema_version": 0,
          "attributes": {
            "id": "rtb-0bd3fcce854b871d8",
            "owner_id": "577953653387",
            "propagating_vgws": [],
            "route": [
              {
                "cidr_block": "0.0.0.0/0",
                "egress_only_gateway_id": "",
                "gateway_id": "igw-0352ab70dc9fad4a4",
                "instance_id": "",
                "ipv6_cidr_block": "",
                "nat_gateway_id": "",
                "network_interface_id": "",
                "transit_gateway_id": "",
                "vpc_peering_connection_id": ""
              }
            ],
            "tags": {},
            "vpc_id": "vpc-08ed306a276371cd3"
          },
          "private": "bnVsbA==",
          "dependencies": [
            "aws_internet_gateway.demo",
            "aws_vpc.compute_vpc"
          ]
        }
      ]
    },
    {
      "mode": "managed",
      "type": "aws_route_table_association",
      "name": "bastion_rta",
      "each": "list",
      "provider": "provider.aws",
      "instances": [
        {
          "index_key": 0,
          "schema_version": 0,
          "attributes": {
            "gateway_id": null,
            "id": "rtbassoc-08a69f92541c8458f",
            "route_table_id": "rtb-076dcd6bf6f874efc",
            "subnet_id": "subnet-07d4a3d93e629a0a0"
          },
          "private": "bnVsbA==",
          "dependencies": [
            "aws_internet_gateway.bastion_internet_gateway",
            "aws_route_table.bastion_route_table",
            "aws_subnet.connectivity_subnet",
            "aws_vpc.connectivity_vpc"
          ]
        },
        {
          "index_key": 1,
          "schema_version": 0,
          "attributes": {
            "gateway_id": null,
            "id": "rtbassoc-02d6bd03ad0ba9df9",
            "route_table_id": "rtb-076dcd6bf6f874efc",
            "subnet_id": "subnet-031b13824b613537c"
          },
          "private": "bnVsbA==",
          "dependencies": [
            "aws_internet_gateway.bastion_internet_gateway",
            "aws_route_table.bastion_route_table",
            "aws_subnet.connectivity_subnet",
            "aws_vpc.connectivity_vpc"
          ]
        },
        {
          "index_key": 2,
          "schema_version": 0,
          "attributes": {
            "gateway_id": null,
            "id": "rtbassoc-02086ca31377baac1",
            "route_table_id": "rtb-076dcd6bf6f874efc",
            "subnet_id": "subnet-05bc0c4f1e23a3048"
          },
          "private": "bnVsbA==",
          "dependencies": [
            "aws_internet_gateway.bastion_internet_gateway",
            "aws_route_table.bastion_route_table",
            "aws_subnet.connectivity_subnet",
            "aws_vpc.connectivity_vpc"
          ]
        }
      ]
    },
    {
      "mode": "managed",
      "type": "aws_route_table_association",
      "name": "demo",
      "each": "list",
      "provider": "provider.aws",
      "instances": [
        {
          "index_key": 0,
          "schema_version": 0,
          "attributes": {
            "gateway_id": null,
            "id": "rtbassoc-0b64a7b282b767fe3",
            "route_table_id": "rtb-0bd3fcce854b871d8",
            "subnet_id": "subnet-03978067601271c40"
          },
          "private": "bnVsbA==",
          "dependencies": [
            "aws_internet_gateway.demo",
            "aws_route_table.demo",
            "aws_subnet.compute_subnet",
            "aws_vpc.compute_vpc"
          ]
        },
        {
          "index_key": 1,
          "schema_version": 0,
          "attributes": {
            "gateway_id": null,
            "id": "rtbassoc-040dada279f28c7ab",
            "route_table_id": "rtb-0bd3fcce854b871d8",
            "subnet_id": "subnet-0816ff0fb9d921f03"
          },
          "private": "bnVsbA==",
          "dependencies": [
            "aws_internet_gateway.demo",
            "aws_route_table.demo",
            "aws_subnet.compute_subnet",
            "aws_vpc.compute_vpc"
          ]
        },
        {
          "index_key": 2,
          "schema_version": 0,
          "attributes": {
            "gateway_id": null,
            "id": "rtbassoc-0fca89e022f5f635c",
            "route_table_id": "rtb-0bd3fcce854b871d8",
            "subnet_id": "subnet-0ad54c8dc64c8a714"
          },
          "private": "bnVsbA==",
          "dependencies": [
            "aws_internet_gateway.demo",
            "aws_route_table.demo",
            "aws_subnet.compute_subnet",
            "aws_vpc.compute_vpc"
          ]
        }
      ]
    },
    {
      "mode": "managed",
      "type": "aws_security_group",
      "name": "aurora-sg",
      "provider": "provider.aws",
      "instances": [
        {
          "schema_version": 1,
          "attributes": {
            "arn": "arn:aws:ec2:us-west-2:577953653387:security-group/sg-0e05359c7d43ea6c5",
            "description": "Managed by Terraform",
            "egress": [
              {
                "cidr_blocks": [
                  "0.0.0.0/0"
                ],
                "description": "",
                "from_port": 0,
                "ipv6_cidr_blocks": [],
                "prefix_list_ids": [],
                "protocol": "-1",
                "security_groups": [],
                "self": false,
                "to_port": 0
              }
            ],
            "id": "sg-0e05359c7d43ea6c5",
            "ingress": [
              {
                "cidr_blocks": [
                  "10.1.0.0/16",
                  "10.3.0.0/16",
                  "10.2.0.0/16"
                ],
                "description": "",
                "from_port": 3306,
                "ipv6_cidr_blocks": [],
                "prefix_list_ids": [],
                "protocol": "tcp",
                "security_groups": [],
                "self": false,
                "to_port": 3306
              }
            ],
            "name": "aurora-security-group",
            "name_prefix": "",
            "owner_id": "577953653387",
            "revoke_rules_on_delete": false,
            "tags": {},
            "timeouts": null,
            "vpc_id": "vpc-06bcb4592bde2578f"
          },
          "private": "eyJlMmJmYjczMC1lY2FhLTExZTYtOGY4OC0zNDM2M2JjN2M0YzAiOnsiY3JlYXRlIjo2MDAwMDAwMDAwMDAsImRlbGV0ZSI6NjAwMDAwMDAwMDAwfSwic2NoZW1hX3ZlcnNpb24iOiIxIn0=",
          "dependencies": [
            "aws_vpc.database_vpc"
          ]
        }
      ]
    },
    {
      "mode": "managed",
      "type": "aws_security_group",
      "name": "demo-cluster",
      "provider": "provider.aws",
      "instances": [
        {
          "schema_version": 1,
          "attributes": {
            "arn": "arn:aws:ec2:us-west-2:577953653387:security-group/sg-0e239bc208c468ff9",
            "description": "Cluster communication with worker nodes",
            "egress": [
              {
                "cidr_blocks": [
                  "0.0.0.0/0"
                ],
                "description": "",
                "from_port": 0,
                "ipv6_cidr_blocks": [],
                "prefix_list_ids": [],
                "protocol": "-1",
                "security_groups": [],
                "self": false,
                "to_port": 0
              }
            ],
            "id": "sg-0e239bc208c468ff9",
            "ingress": [
              {
                "cidr_blocks": [
                  "45.56.183.134/32"
                ],
                "description": "Allow workstation to communicate with the cluster API Server",
                "from_port": 443,
                "ipv6_cidr_blocks": [],
                "prefix_list_ids": [],
                "protocol": "tcp",
                "security_groups": [],
                "self": false,
                "to_port": 443
              }
            ],
            "name": "terraform-eks-demo-cluster",
            "name_prefix": "",
            "owner_id": "577953653387",
            "revoke_rules_on_delete": false,
            "tags": {
              "Name": "terraform-eks-demo"
            },
            "timeouts": null,
            "vpc_id": "vpc-08ed306a276371cd3"
          },
          "private": "eyJlMmJmYjczMC1lY2FhLTExZTYtOGY4OC0zNDM2M2JjN2M0YzAiOnsiY3JlYXRlIjo2MDAwMDAwMDAwMDAsImRlbGV0ZSI6NjAwMDAwMDAwMDAwfSwic2NoZW1hX3ZlcnNpb24iOiIxIn0=",
          "dependencies": [
            "aws_vpc.compute_vpc"
          ]
        }
      ]
    },
    {
      "mode": "managed",
      "type": "aws_security_group_rule",
      "name": "demo-cluster-ingress-workstation-https",
      "provider": "provider.aws",
      "instances": [
        {
          "schema_version": 2,
          "attributes": {
            "cidr_blocks": [
              "45.56.183.134/32"
            ],
            "description": "Allow workstation to communicate with the cluster API Server",
            "from_port": 443,
            "id": "sgrule-444309538",
            "ipv6_cidr_blocks": [],
            "prefix_list_ids": [],
            "protocol": "tcp",
            "security_group_id": "sg-0e239bc208c468ff9",
            "self": false,
            "source_security_group_id": null,
            "to_port": 443,
            "type": "ingress"
          },
          "private": "eyJzY2hlbWFfdmVyc2lvbiI6IjIifQ==",
          "dependencies": [
            "aws_security_group.demo-cluster",
            "aws_vpc.compute_vpc"
          ]
        }
      ]
    },
    {
      "mode": "managed",
      "type": "aws_subnet",
      "name": "compute_subnet",
      "each": "list",
      "provider": "provider.aws",
      "instances": [
        {
          "index_key": 0,
          "schema_version": 1,
          "attributes": {
            "arn": "arn:aws:ec2:us-west-2:577953653387:subnet/subnet-03978067601271c40",
            "assign_ipv6_address_on_creation": false,
            "availability_zone": "us-west-2a",
            "availability_zone_id": "usw2-az2",
            "cidr_block": "10.1.0.0/24",
            "id": "subnet-03978067601271c40",
            "ipv6_cidr_block": "",
            "ipv6_cidr_block_association_id": "",
            "map_public_ip_on_launch": true,
            "outpost_arn": "",
            "owner_id": "577953653387",
            "tags": {
              "Name": "compute-subnet",
              "kubernetes.io/cluster/laravel-nairobi-demo": "shared"
            },
            "timeouts": null,
            "vpc_id": "vpc-08ed306a276371cd3"
          },
          "private": "eyJlMmJmYjczMC1lY2FhLTExZTYtOGY4OC0zNDM2M2JjN2M0YzAiOnsiY3JlYXRlIjo2MDAwMDAwMDAwMDAsImRlbGV0ZSI6MTIwMDAwMDAwMDAwMH0sInNjaGVtYV92ZXJzaW9uIjoiMSJ9",
          "dependencies": [
            "aws_vpc.compute_vpc"
          ]
        },
        {
          "index_key": 1,
          "schema_version": 1,
          "attributes": {
            "arn": "arn:aws:ec2:us-west-2:577953653387:subnet/subnet-0816ff0fb9d921f03",
            "assign_ipv6_address_on_creation": false,
            "availability_zone": "us-west-2b",
            "availability_zone_id": "usw2-az1",
            "cidr_block": "10.1.1.0/24",
            "id": "subnet-0816ff0fb9d921f03",
            "ipv6_cidr_block": "",
            "ipv6_cidr_block_association_id": "",
            "map_public_ip_on_launch": true,
            "outpost_arn": "",
            "owner_id": "577953653387",
            "tags": {
              "Name": "compute-subnet",
              "kubernetes.io/cluster/laravel-nairobi-demo": "shared"
            },
            "timeouts": null,
            "vpc_id": "vpc-08ed306a276371cd3"
          },
          "private": "eyJlMmJmYjczMC1lY2FhLTExZTYtOGY4OC0zNDM2M2JjN2M0YzAiOnsiY3JlYXRlIjo2MDAwMDAwMDAwMDAsImRlbGV0ZSI6MTIwMDAwMDAwMDAwMH0sInNjaGVtYV92ZXJzaW9uIjoiMSJ9",
          "dependencies": [
            "aws_vpc.compute_vpc"
          ]
        },
        {
          "index_key": 2,
          "schema_version": 1,
          "attributes": {
            "arn": "arn:aws:ec2:us-west-2:577953653387:subnet/subnet-0ad54c8dc64c8a714",
            "assign_ipv6_address_on_creation": false,
            "availability_zone": "us-west-2c",
            "availability_zone_id": "usw2-az3",
            "cidr_block": "10.1.2.0/24",
            "id": "subnet-0ad54c8dc64c8a714",
            "ipv6_cidr_block": "",
            "ipv6_cidr_block_association_id": "",
            "map_public_ip_on_launch": true,
            "outpost_arn": "",
            "owner_id": "577953653387",
            "tags": {
              "Name": "compute-subnet",
              "kubernetes.io/cluster/laravel-nairobi-demo": "shared"
            },
            "timeouts": null,
            "vpc_id": "vpc-08ed306a276371cd3"
          },
          "private": "eyJlMmJmYjczMC1lY2FhLTExZTYtOGY4OC0zNDM2M2JjN2M0YzAiOnsiY3JlYXRlIjo2MDAwMDAwMDAwMDAsImRlbGV0ZSI6MTIwMDAwMDAwMDAwMH0sInNjaGVtYV92ZXJzaW9uIjoiMSJ9",
          "dependencies": [
            "aws_vpc.compute_vpc"
          ]
        }
      ]
    },
    {
      "mode": "managed",
      "type": "aws_subnet",
      "name": "connectivity_subnet",
      "each": "list",
      "provider": "provider.aws",
      "instances": [
        {
          "index_key": 0,
          "schema_version": 1,
          "attributes": {
            "arn": "arn:aws:ec2:us-west-2:577953653387:subnet/subnet-07d4a3d93e629a0a0",
            "assign_ipv6_address_on_creation": false,
            "availability_zone": "us-west-2a",
            "availability_zone_id": "usw2-az2",
            "cidr_block": "10.3.0.0/24",
            "id": "subnet-07d4a3d93e629a0a0",
            "ipv6_cidr_block": "",
            "ipv6_cidr_block_association_id": "",
            "map_public_ip_on_launch": false,
            "outpost_arn": "",
            "owner_id": "577953653387",
            "tags": {
              "Name": "connectivity-subnet"
            },
            "timeouts": null,
            "vpc_id": "vpc-0bd5f8dcd8d240a94"
          },
          "private": "eyJlMmJmYjczMC1lY2FhLTExZTYtOGY4OC0zNDM2M2JjN2M0YzAiOnsiY3JlYXRlIjo2MDAwMDAwMDAwMDAsImRlbGV0ZSI6MTIwMDAwMDAwMDAwMH0sInNjaGVtYV92ZXJzaW9uIjoiMSJ9",
          "dependencies": [
            "aws_vpc.connectivity_vpc"
          ]
        },
        {
          "index_key": 1,
          "schema_version": 1,
          "attributes": {
            "arn": "arn:aws:ec2:us-west-2:577953653387:subnet/subnet-031b13824b613537c",
            "assign_ipv6_address_on_creation": false,
            "availability_zone": "us-west-2b",
            "availability_zone_id": "usw2-az1",
            "cidr_block": "10.3.1.0/24",
            "id": "subnet-031b13824b613537c",
            "ipv6_cidr_block": "",
            "ipv6_cidr_block_association_id": "",
            "map_public_ip_on_launch": false,
            "outpost_arn": "",
            "owner_id": "577953653387",
            "tags": {
              "Name": "connectivity-subnet"
            },
            "timeouts": null,
            "vpc_id": "vpc-0bd5f8dcd8d240a94"
          },
          "private": "eyJlMmJmYjczMC1lY2FhLTExZTYtOGY4OC0zNDM2M2JjN2M0YzAiOnsiY3JlYXRlIjo2MDAwMDAwMDAwMDAsImRlbGV0ZSI6MTIwMDAwMDAwMDAwMH0sInNjaGVtYV92ZXJzaW9uIjoiMSJ9",
          "dependencies": [
            "aws_vpc.connectivity_vpc"
          ]
        },
        {
          "index_key": 2,
          "schema_version": 1,
          "attributes": {
            "arn": "arn:aws:ec2:us-west-2:577953653387:subnet/subnet-05bc0c4f1e23a3048",
            "assign_ipv6_address_on_creation": false,
            "availability_zone": "us-west-2c",
            "availability_zone_id": "usw2-az3",
            "cidr_block": "10.3.2.0/24",
            "id": "subnet-05bc0c4f1e23a3048",
            "ipv6_cidr_block": "",
            "ipv6_cidr_block_association_id": "",
            "map_public_ip_on_launch": false,
            "outpost_arn": "",
            "owner_id": "577953653387",
            "tags": {
              "Name": "connectivity-subnet"
            },
            "timeouts": null,
            "vpc_id": "vpc-0bd5f8dcd8d240a94"
          },
          "private": "eyJlMmJmYjczMC1lY2FhLTExZTYtOGY4OC0zNDM2M2JjN2M0YzAiOnsiY3JlYXRlIjo2MDAwMDAwMDAwMDAsImRlbGV0ZSI6MTIwMDAwMDAwMDAwMH0sInNjaGVtYV92ZXJzaW9uIjoiMSJ9",
          "dependencies": [
            "aws_vpc.connectivity_vpc"
          ]
        }
      ]
    },
    {
      "mode": "managed",
      "type": "aws_subnet",
      "name": "database_subnet_1",
      "provider": "provider.aws",
      "instances": [
        {
          "schema_version": 1,
          "attributes": {
            "arn": "arn:aws:ec2:us-west-2:577953653387:subnet/subnet-041e18a988d1949d1",
            "assign_ipv6_address_on_creation": false,
            "availability_zone": "us-west-2b",
            "availability_zone_id": "usw2-az1",
            "cidr_block": "10.2.0.0/24",
            "id": "subnet-041e18a988d1949d1",
            "ipv6_cidr_block": "",
            "ipv6_cidr_block_association_id": "",
            "map_public_ip_on_launch": false,
            "outpost_arn": "",
            "owner_id": "577953653387",
            "tags": {
              "Name": "database-subnet-1"
            },
            "timeouts": null,
            "vpc_id": "vpc-06bcb4592bde2578f"
          },
          "private": "eyJlMmJmYjczMC1lY2FhLTExZTYtOGY4OC0zNDM2M2JjN2M0YzAiOnsiY3JlYXRlIjo2MDAwMDAwMDAwMDAsImRlbGV0ZSI6MTIwMDAwMDAwMDAwMH0sInNjaGVtYV92ZXJzaW9uIjoiMSJ9",
          "dependencies": [
            "aws_vpc.database_vpc"
          ]
        }
      ]
    },
    {
      "mode": "managed",
      "type": "aws_subnet",
      "name": "database_subnet_2",
      "provider": "provider.aws",
      "instances": [
        {
          "schema_version": 1,
          "attributes": {
            "arn": "arn:aws:ec2:us-west-2:577953653387:subnet/subnet-0f49671cd092d9ef2",
            "assign_ipv6_address_on_creation": false,
            "availability_zone": "us-west-2c",
            "availability_zone_id": "usw2-az3",
            "cidr_block": "10.2.1.0/24",
            "id": "subnet-0f49671cd092d9ef2",
            "ipv6_cidr_block": "",
            "ipv6_cidr_block_association_id": "",
            "map_public_ip_on_launch": false,
            "outpost_arn": "",
            "owner_id": "577953653387",
            "tags": {
              "Name": "database-subnet-2"
            },
            "timeouts": null,
            "vpc_id": "vpc-06bcb4592bde2578f"
          },
          "private": "eyJlMmJmYjczMC1lY2FhLTExZTYtOGY4OC0zNDM2M2JjN2M0YzAiOnsiY3JlYXRlIjo2MDAwMDAwMDAwMDAsImRlbGV0ZSI6MTIwMDAwMDAwMDAwMH0sInNjaGVtYV92ZXJzaW9uIjoiMSJ9",
          "dependencies": [
            "aws_vpc.database_vpc"
          ]
        }
      ]
    },
    {
      "mode": "managed",
      "type": "aws_subnet",
      "name": "database_subnet_3",
      "provider": "provider.aws",
      "instances": [
        {
          "schema_version": 1,
          "attributes": {
            "arn": "arn:aws:ec2:us-west-2:577953653387:subnet/subnet-039cf6ac451356575",
            "assign_ipv6_address_on_creation": false,
            "availability_zone": "us-west-2c",
            "availability_zone_id": "usw2-az3",
            "cidr_block": "10.2.2.0/24",
            "id": "subnet-039cf6ac451356575",
            "ipv6_cidr_block": "",
            "ipv6_cidr_block_association_id": "",
            "map_public_ip_on_launch": false,
            "outpost_arn": "",
            "owner_id": "577953653387",
            "tags": {
              "Name": "database-subnet-3"
            },
            "timeouts": null,
            "vpc_id": "vpc-06bcb4592bde2578f"
          },
          "private": "eyJlMmJmYjczMC1lY2FhLTExZTYtOGY4OC0zNDM2M2JjN2M0YzAiOnsiY3JlYXRlIjo2MDAwMDAwMDAwMDAsImRlbGV0ZSI6MTIwMDAwMDAwMDAwMH0sInNjaGVtYV92ZXJzaW9uIjoiMSJ9",
          "dependencies": [
            "aws_vpc.database_vpc"
          ]
        }
      ]
    },
    {
      "mode": "managed",
      "type": "aws_vpc",
      "name": "compute_vpc",
      "provider": "provider.aws",
      "instances": [
        {
          "schema_version": 1,
          "attributes": {
            "arn": "arn:aws:ec2:us-west-2:577953653387:vpc/vpc-08ed306a276371cd3",
            "assign_generated_ipv6_cidr_block": false,
            "cidr_block": "10.1.0.0/16",
            "default_network_acl_id": "acl-0a635fd38ce8660df",
            "default_route_table_id": "rtb-02601ca628df0efcf",
            "default_security_group_id": "sg-036c1196d7f40362b",
            "dhcp_options_id": "dopt-b55322cd",
            "enable_classiclink": false,
            "enable_classiclink_dns_support": false,
            "enable_dns_hostnames": false,
            "enable_dns_support": true,
            "id": "vpc-08ed306a276371cd3",
            "instance_tenancy": "default",
            "ipv6_association_id": "",
            "ipv6_cidr_block": "",
            "main_route_table_id": "rtb-02601ca628df0efcf",
            "owner_id": "577953653387",
            "tags": {
              "Name": "compute-vpc",
              "kubernetes.io/cluster/laravel-nairobi-demo": "shared"
            }
          },
          "private": "eyJzY2hlbWFfdmVyc2lvbiI6IjEifQ=="
        }
      ]
    },
    {
      "mode": "managed",
      "type": "aws_vpc",
      "name": "connectivity_vpc",
      "provider": "provider.aws",
      "instances": [
        {
          "schema_version": 1,
          "attributes": {
            "arn": "arn:aws:ec2:us-west-2:577953653387:vpc/vpc-0bd5f8dcd8d240a94",
            "assign_generated_ipv6_cidr_block": false,
            "cidr_block": "10.3.0.0/16",
            "default_network_acl_id": "acl-0724cd7acda818b21",
            "default_route_table_id": "rtb-002766b6d7bae7eee",
            "default_security_group_id": "sg-0b664426e210acc02",
            "dhcp_options_id": "dopt-b55322cd",
            "enable_classiclink": false,
            "enable_classiclink_dns_support": false,
            "enable_dns_hostnames": false,
            "enable_dns_support": true,
            "id": "vpc-0bd5f8dcd8d240a94",
            "instance_tenancy": "default",
            "ipv6_association_id": "",
            "ipv6_cidr_block": "",
            "main_route_table_id": "rtb-002766b6d7bae7eee",
            "owner_id": "577953653387",
            "tags": {
              "Name": "connectivity-vpc"
            }
          },
          "private": "eyJzY2hlbWFfdmVyc2lvbiI6IjEifQ=="
        }
      ]
    },
    {
      "mode": "managed",
      "type": "aws_vpc",
      "name": "database_vpc",
      "provider": "provider.aws",
      "instances": [
        {
          "schema_version": 1,
          "attributes": {
            "arn": "arn:aws:ec2:us-west-2:577953653387:vpc/vpc-06bcb4592bde2578f",
            "assign_generated_ipv6_cidr_block": false,
            "cidr_block": "10.2.0.0/16",
            "default_network_acl_id": "acl-010f2905cba4b3f35",
            "default_route_table_id": "rtb-09983ce7661fe782e",
            "default_security_group_id": "sg-0511972caffd885da",
            "dhcp_options_id": "dopt-b55322cd",
            "enable_classiclink": false,
            "enable_classiclink_dns_support": false,
            "enable_dns_hostnames": false,
            "enable_dns_support": true,
            "id": "vpc-06bcb4592bde2578f",
            "instance_tenancy": "default",
            "ipv6_association_id": "",
            "ipv6_cidr_block": "",
            "main_route_table_id": "rtb-09983ce7661fe782e",
            "owner_id": "577953653387",
            "tags": {
              "Name": "databse-vpc"
            }
          },
          "private": "eyJzY2hlbWFfdmVyc2lvbiI6IjEifQ=="
        }
      ]
    },
    {
      "mode": "managed",
      "type": "aws_vpc_peering_connection",
      "name": "compute_connectivity_peering_connection",
      "provider": "provider.aws",
      "instances": [
        {
          "schema_version": 0,
          "attributes": {
            "accept_status": "active",
            "accepter": [
              {
                "allow_classic_link_to_remote_vpc": false,
                "allow_remote_vpc_dns_resolution": false,
                "allow_vpc_to_remote_classic_link": false
              }
            ],
            "auto_accept": true,
            "id": "pcx-0255150d97bda0ecd",
            "peer_owner_id": "577953653387",
            "peer_region": "us-west-2",
            "peer_vpc_id": "vpc-08ed306a276371cd3",
            "requester": [
              {
                "allow_classic_link_to_remote_vpc": false,
                "allow_remote_vpc_dns_resolution": false,
                "allow_vpc_to_remote_classic_link": false
              }
            ],
            "tags": {
              "Name": "compute-connectivity-peering-connection"
            },
            "timeouts": null,
            "vpc_id": "vpc-0bd5f8dcd8d240a94"
          },
          "private": "eyJlMmJmYjczMC1lY2FhLTExZTYtOGY4OC0zNDM2M2JjN2M0YzAiOnsiY3JlYXRlIjo2MDAwMDAwMDAwMCwiZGVsZXRlIjo2MDAwMDAwMDAwMCwidXBkYXRlIjo2MDAwMDAwMDAwMH19",
          "dependencies": [
            "aws_vpc.compute_vpc",
            "aws_vpc.connectivity_vpc"
          ]
        }
      ]
    },
    {
      "mode": "managed",
      "type": "aws_vpc_peering_connection",
      "name": "compute_database_peering_connection",
      "provider": "provider.aws",
      "instances": [
        {
          "schema_version": 0,
          "attributes": {
            "accept_status": "active",
            "accepter": [
              {
                "allow_classic_link_to_remote_vpc": false,
                "allow_remote_vpc_dns_resolution": false,
                "allow_vpc_to_remote_classic_link": false
              }
            ],
            "auto_accept": true,
            "id": "pcx-00026c6369c385bcc",
            "peer_owner_id": "577953653387",
            "peer_region": "us-west-2",
            "peer_vpc_id": "vpc-08ed306a276371cd3",
            "requester": [
              {
                "allow_classic_link_to_remote_vpc": false,
                "allow_remote_vpc_dns_resolution": false,
                "allow_vpc_to_remote_classic_link": false
              }
            ],
            "tags": {
              "Name": "compute-database-peering-connection"
            },
            "timeouts": null,
            "vpc_id": "vpc-06bcb4592bde2578f"
          },
          "private": "eyJlMmJmYjczMC1lY2FhLTExZTYtOGY4OC0zNDM2M2JjN2M0YzAiOnsiY3JlYXRlIjo2MDAwMDAwMDAwMCwiZGVsZXRlIjo2MDAwMDAwMDAwMCwidXBkYXRlIjo2MDAwMDAwMDAwMH19",
          "dependencies": [
            "aws_vpc.compute_vpc",
            "aws_vpc.database_vpc"
          ]
        }
      ]
    }
  ]
}
