{
  "version": 4,
  "terraform_version": "0.12.29",
  "serial": 122,
  "lineage": "1d28e33a-dc11-e3a0-ed98-5ad7eb33ca4f",
  "outputs": {
    "config_map_aws_auth": {
      "value": "\n\napiVersion: v1\nkind: ConfigMap\nmetadata:\n  name: aws-auth\n  namespace: kube-system\ndata:\n  mapRoles: |\n    - rolearn: arn:aws:iam::577953653387:role/terraform-eks-demo-node\n      username: system:node:{{EC2PrivateDNSName}}\n      groups:\n        - system:bootstrappers\n        - system:nodes\n",
      "type": "string"
    },
    "kubeconfig": {
      "value": "\n\napiVersion: v1\nclusters:\n- cluster:\n    server: https://6E4A892E885A61E7A94550F6E4C43CBF.gr7.us-west-2.eks.amazonaws.com\n    certificate-authority-data: LS0tLS1CRUdJTiBDRVJUSUZJQ0FURS0tLS0tCk1JSUN5RENDQWJDZ0F3SUJBZ0lCQURBTkJna3Foa2lHOXcwQkFRc0ZBREFWTVJNd0VRWURWUVFERXdwcmRXSmwKY201bGRHVnpNQjRYRFRJd01EZ3dNakUyTWpNeE1Wb1hEVE13TURjek1URTJNak14TVZvd0ZURVRNQkVHQTFVRQpBeE1LYTNWaVpYSnVaWFJsY3pDQ0FTSXdEUVlKS29aSWh2Y05BUUVCQlFBRGdnRVBBRENDQVFvQ2dnRUJBTTR0CmVXUGN3SWZvUzJmV095Ull6VVo0R2U4OHRseWZpbE4rTmNLbXFWRlAvWWt4TThJUWc4YUhnS0NpWHZFOFdMTjgKOXFtTmhyZjNESkRybThpSDF2WmxoT0EybjB3TFZ0MThBamRaOXo3ZXMvRnVqU0VxTEJvQW1vOEdMZlpZTzZDZwpvdlp1M1JISDBjVjA4TkRHWGpjZjB2dmJ3ZlZxUG5Jb2s3blpvOFJlTWl2bVJSYWZGVUZ3VHlPbzlxSDlRbHM0CnMzSklmS0VPUnJHaXNqQ0VtSy9BTTZOa0Z6Qk41QTVTQkxmNVJGT0RVSmdWVlNMNC9VMzlIQVpCMTZEalJTbTMKb0hLeHA0T0VMOTlFM3RCSnFxaWdZTXA0emtrcENDSGwwakxaSmlLL2VSU0E2aVR1M0NGcUV5dk8xMHcrOGx2VQo1K2hPT21kdkRzWmhZOTVaUGgwQ0F3RUFBYU1qTUNFd0RnWURWUjBQQVFIL0JBUURBZ0trTUE4R0ExVWRFd0VCCi93UUZNQU1CQWY4d0RRWUpLb1pJaHZjTkFRRUxCUUFEZ2dFQkFCMmU5SmV1SGc1QjhHV3Y1VkNwWk94azNmak4KeXhVWS9jMUR5MWxsMjBiZFpsRi9XVGlZSVAxbzRWN242QlRrK3E2NGFOVlJUL2doMTNIMVlGR25nVG5VZG1pdwppeURQQ2Y0Z01EU3RHS2k2Vk55SERlLzZ5dlNka21EYW9SNFhPT1VDYURnOTh5ZjQ4SG81bkV0Ui82c1VBcUZmCmw0OGxMdnRtU2t6ek4wc1d1aXlkcUZQRTZkd1hzNWpBSU90ejBXVUcyZVJNSjIvY0x1M1RxeGFPQ1N3cHZuL1cKT09icG55NzBEZ1ZPcGhkTjFUOU5nUW5TcTcwOTVNaXZaQzVlekpQSEtWdHJzaWg3cjlqUE9DM0xKYTlLWG5DZQp0d2NPRi9MZXNjUUVwMFFsQmsyTVFqeXRLVWcxSlhZcHYwMFRrYUJFWFdOaGRTRFNkdStwY2grNFBybz0KLS0tLS1FTkQgQ0VSVElGSUNBVEUtLS0tLQo=\n  name: kubernetes\ncontexts:\n- context:\n    cluster: kubernetes\n    user: aws\n  name: aws\ncurrent-context: aws\nkind: Config\npreferences: {}\nusers:\n- name: aws\n  user:\n    exec:\n      apiVersion: client.authentication.k8s.io/v1alpha1\n      command: aws-iam-authenticator\n      args:\n        - \"token\"\n        - \"-i\"\n        - \"laravel-nairobi-demo\"\n",
      "type": "string"
    }
  },
  "resources": [
    {
      "mode": "data",
      "type": "aws_availability_zones",
      "name": "available",
      "provider": "provider.aws",
      "instances": [
        {
          "schema_version": 0,
          "attributes": {
            "all_availability_zones": null,
            "exclude_names": null,
            "exclude_zone_ids": null,
            "filter": null,
            "group_names": [
              "us-west-2"
            ],
            "id": "2020-08-02 17:10:03.25903 +0000 UTC",
            "names": [
              "us-west-2a",
              "us-west-2b",
              "us-west-2c",
              "us-west-2d"
            ],
            "state": null,
            "zone_ids": [
              "usw2-az2",
              "usw2-az1",
              "usw2-az3",
              "usw2-az4"
            ]
          }
        }
      ]
    },
    {
      "mode": "data",
      "type": "http",
      "name": "workstation-external-ip",
      "provider": "provider.http",
      "instances": [
        {
          "schema_version": 0,
          "attributes": {
            "body": "105.160.79.111\n",
            "id": "2020-08-02 17:09:56.661857 +0000 UTC",
            "request_headers": null,
            "response_headers": {
              "Access-Control-Allow-Methods": "GET",
              "Access-Control-Allow-Origin": "*",
              "Content-Length": "15",
              "Content-Type": "text/plain;charset=UTF-8",
              "Date": "Sun, 02 Aug 2020 17:09:56 GMT",
              "Server": "nginx",
              "X-Rtfm": "Learn about this site at http://bit.ly/icanhazip-faq and do not abuse the service.",
              "X-Security": "This site DOES NOT distribute malware. Get the facts. https://goo.gl/1FhVpg"
            },
            "url": "http://ipv4.icanhazip.com"
          }
        }
      ]
    },
    {
      "mode": "managed",
      "type": "aws_eks_cluster",
      "name": "demo",
      "provider": "provider.aws",
      "instances": [
        {
          "schema_version": 0,
          "attributes": {
            "arn": "arn:aws:eks:us-west-2:577953653387:cluster/laravel-nairobi-demo",
            "certificate_authority": [
              {
                "data": "LS0tLS1CRUdJTiBDRVJUSUZJQ0FURS0tLS0tCk1JSUN5RENDQWJDZ0F3SUJBZ0lCQURBTkJna3Foa2lHOXcwQkFRc0ZBREFWTVJNd0VRWURWUVFERXdwcmRXSmwKY201bGRHVnpNQjRYRFRJd01EZ3dNakUyTWpNeE1Wb1hEVE13TURjek1URTJNak14TVZvd0ZURVRNQkVHQTFVRQpBeE1LYTNWaVpYSnVaWFJsY3pDQ0FTSXdEUVlKS29aSWh2Y05BUUVCQlFBRGdnRVBBRENDQVFvQ2dnRUJBTTR0CmVXUGN3SWZvUzJmV095Ull6VVo0R2U4OHRseWZpbE4rTmNLbXFWRlAvWWt4TThJUWc4YUhnS0NpWHZFOFdMTjgKOXFtTmhyZjNESkRybThpSDF2WmxoT0EybjB3TFZ0MThBamRaOXo3ZXMvRnVqU0VxTEJvQW1vOEdMZlpZTzZDZwpvdlp1M1JISDBjVjA4TkRHWGpjZjB2dmJ3ZlZxUG5Jb2s3blpvOFJlTWl2bVJSYWZGVUZ3VHlPbzlxSDlRbHM0CnMzSklmS0VPUnJHaXNqQ0VtSy9BTTZOa0Z6Qk41QTVTQkxmNVJGT0RVSmdWVlNMNC9VMzlIQVpCMTZEalJTbTMKb0hLeHA0T0VMOTlFM3RCSnFxaWdZTXA0emtrcENDSGwwakxaSmlLL2VSU0E2aVR1M0NGcUV5dk8xMHcrOGx2VQo1K2hPT21kdkRzWmhZOTVaUGgwQ0F3RUFBYU1qTUNFd0RnWURWUjBQQVFIL0JBUURBZ0trTUE4R0ExVWRFd0VCCi93UUZNQU1CQWY4d0RRWUpLb1pJaHZjTkFRRUxCUUFEZ2dFQkFCMmU5SmV1SGc1QjhHV3Y1VkNwWk94azNmak4KeXhVWS9jMUR5MWxsMjBiZFpsRi9XVGlZSVAxbzRWN242QlRrK3E2NGFOVlJUL2doMTNIMVlGR25nVG5VZG1pdwppeURQQ2Y0Z01EU3RHS2k2Vk55SERlLzZ5dlNka21EYW9SNFhPT1VDYURnOTh5ZjQ4SG81bkV0Ui82c1VBcUZmCmw0OGxMdnRtU2t6ek4wc1d1aXlkcUZQRTZkd1hzNWpBSU90ejBXVUcyZVJNSjIvY0x1M1RxeGFPQ1N3cHZuL1cKT09icG55NzBEZ1ZPcGhkTjFUOU5nUW5TcTcwOTVNaXZaQzVlekpQSEtWdHJzaWg3cjlqUE9DM0xKYTlLWG5DZQp0d2NPRi9MZXNjUUVwMFFsQmsyTVFqeXRLVWcxSlhZcHYwMFRrYUJFWFdOaGRTRFNkdStwY2grNFBybz0KLS0tLS1FTkQgQ0VSVElGSUNBVEUtLS0tLQo="
              }
            ],
            "created_at": "2020-08-02 16:15:25 +0000 UTC",
            "enabled_cluster_log_types": [],
            "encryption_config": [],
            "endpoint": "https://6E4A892E885A61E7A94550F6E4C43CBF.gr7.us-west-2.eks.amazonaws.com",
            "id": "laravel-nairobi-demo",
            "identity": [
              {
                "oidc": [
                  {
                    "issuer": "https://oidc.eks.us-west-2.amazonaws.com/id/6E4A892E885A61E7A94550F6E4C43CBF"
                  }
                ]
              }
            ],
            "name": "laravel-nairobi-demo",
            "platform_version": "eks.2",
            "role_arn": "arn:aws:iam::577953653387:role/terraform-eks-demo-cluster",
            "status": "ACTIVE",
            "tags": {},
            "timeouts": null,
            "version": "1.16",
            "vpc_config": [
              {
                "cluster_security_group_id": "sg-05efc3c785e2da90b",
                "endpoint_private_access": false,
                "endpoint_public_access": true,
                "public_access_cidrs": [
                  "0.0.0.0/0"
                ],
                "security_group_ids": [
                  "sg-0a3f6b51bfdca86e4"
                ],
                "subnet_ids": [
                  "subnet-005b32bc1c2dd2a6e",
                  "subnet-045a67458b7750bca",
                  "subnet-0d3924b9a2d48687e"
                ],
                "vpc_id": "vpc-0b589dd6f3d7458d4"
              }
            ]
          },
          "private": "eyJlMmJmYjczMC1lY2FhLTExZTYtOGY4OC0zNDM2M2JjN2M0YzAiOnsiY3JlYXRlIjoxODAwMDAwMDAwMDAwLCJkZWxldGUiOjkwMDAwMDAwMDAwMCwidXBkYXRlIjozNjAwMDAwMDAwMDAwfX0=",
          "dependencies": [
            "aws_iam_role.demo-cluster",
            "aws_iam_role_policy_attachment.demo-cluster-AmazonEKSClusterPolicy",
            "aws_iam_role_policy_attachment.demo-cluster-AmazonEKSServicePolicy",
            "aws_security_group.demo-cluster",
            "aws_subnet.compute_subnet",
            "aws_vpc.compute_vpc"
          ]
        }
      ]
    },
    {
      "mode": "managed",
      "type": "aws_eks_node_group",
      "name": "demo",
      "provider": "provider.aws",
      "instances": [
        {
          "schema_version": 0,
          "attributes": {
            "ami_type": "AL2_x86_64",
            "arn": "arn:aws:eks:us-west-2:577953653387:nodegroup/laravel-nairobi-demo/demo/44b9d806-0452-8123-39dd-6ae4a46f77d0",
            "cluster_name": "laravel-nairobi-demo",
            "disk_size": 20,
            "force_update_version": null,
            "id": "laravel-nairobi-demo:demo",
            "instance_types": [
              "t3.medium"
            ],
            "labels": {},
            "node_group_name": "demo",
            "node_role_arn": "arn:aws:iam::577953653387:role/terraform-eks-demo-node",
            "release_version": "1.16.13-20200723",
            "remote_access": [],
            "resources": [
              {
                "autoscaling_groups": [
                  {
                    "name": "eks-44b9d806-0452-8123-39dd-6ae4a46f77d0"
                  }
                ],
                "remote_access_security_group_id": ""
              }
            ],
            "scaling_config": [
              {
                "desired_size": 1,
                "max_size": 1,
                "min_size": 1
              }
            ],
            "status": "ACTIVE",
            "subnet_ids": [
              "subnet-005b32bc1c2dd2a6e",
              "subnet-045a67458b7750bca",
              "subnet-0d3924b9a2d48687e"
            ],
            "tags": {},
            "timeouts": null,
            "version": "1.16"
          },
          "private": "eyJlMmJmYjczMC1lY2FhLTExZTYtOGY4OC0zNDM2M2JjN2M0YzAiOnsiY3JlYXRlIjozNjAwMDAwMDAwMDAwLCJkZWxldGUiOjM2MDAwMDAwMDAwMDAsInVwZGF0ZSI6MzYwMDAwMDAwMDAwMH19",
          "dependencies": [
            "aws_eks_cluster.demo",
            "aws_iam_role.demo-node",
            "aws_iam_role_policy_attachment.demo-node-AmazonEC2ContainerRegistryReadOnly",
            "aws_iam_role_policy_attachment.demo-node-AmazonEKSWorkerNodePolicy",
            "aws_iam_role_policy_attachment.demo-node-AmazonEKS_CNI_Policy",
            "aws_subnet.compute_subnet"
          ]
        }
      ]
    },
    {
      "mode": "managed",
      "type": "aws_iam_role",
      "name": "demo-cluster",
      "provider": "provider.aws",
      "instances": [
        {
          "schema_version": 0,
          "attributes": {
            "arn": "arn:aws:iam::577953653387:role/terraform-eks-demo-cluster",
            "assume_role_policy": "{\"Version\":\"2012-10-17\",\"Statement\":[{\"Effect\":\"Allow\",\"Principal\":{\"Service\":\"eks.amazonaws.com\"},\"Action\":\"sts:AssumeRole\"}]}",
            "create_date": "2020-08-02T15:39:45Z",
            "description": "",
            "force_detach_policies": false,
            "id": "terraform-eks-demo-cluster",
            "max_session_duration": 3600,
            "name": "terraform-eks-demo-cluster",
            "name_prefix": null,
            "path": "/",
            "permissions_boundary": null,
            "tags": {},
            "unique_id": "AROAYNEFY4KFYLK6M7P2C"
          },
          "private": "bnVsbA=="
        }
      ]
    },
    {
      "mode": "managed",
      "type": "aws_iam_role",
      "name": "demo-node",
      "provider": "provider.aws",
      "instances": [
        {
          "schema_version": 0,
          "attributes": {
            "arn": "arn:aws:iam::577953653387:role/terraform-eks-demo-node",
            "assume_role_policy": "{\"Version\":\"2012-10-17\",\"Statement\":[{\"Effect\":\"Allow\",\"Principal\":{\"Service\":\"ec2.amazonaws.com\"},\"Action\":\"sts:AssumeRole\"}]}",
            "create_date": "2020-08-02T15:39:45Z",
            "description": "",
            "force_detach_policies": false,
            "id": "terraform-eks-demo-node",
            "max_session_duration": 3600,
            "name": "terraform-eks-demo-node",
            "name_prefix": null,
            "path": "/",
            "permissions_boundary": null,
            "tags": {},
            "unique_id": "AROAYNEFY4KFS4KJEWXOP"
          },
          "private": "bnVsbA=="
        }
      ]
    },
    {
      "mode": "managed",
      "type": "aws_iam_role_policy_attachment",
      "name": "demo-cluster-AmazonEKSClusterPolicy",
      "provider": "provider.aws",
      "instances": [
        {
          "schema_version": 0,
          "attributes": {
            "id": "terraform-eks-demo-cluster-20200802153953763700000002",
            "policy_arn": "arn:aws:iam::aws:policy/AmazonEKSClusterPolicy",
            "role": "terraform-eks-demo-cluster"
          },
          "private": "bnVsbA==",
          "dependencies": [
            "aws_iam_role.demo-cluster"
          ]
        }
      ]
    },
    {
      "mode": "managed",
      "type": "aws_iam_role_policy_attachment",
      "name": "demo-cluster-AmazonEKSServicePolicy",
      "provider": "provider.aws",
      "instances": [
        {
          "schema_version": 0,
          "attributes": {
            "id": "terraform-eks-demo-cluster-20200802153953766000000003",
            "policy_arn": "arn:aws:iam::aws:policy/AmazonEKSServicePolicy",
            "role": "terraform-eks-demo-cluster"
          },
          "private": "bnVsbA==",
          "dependencies": [
            "aws_iam_role.demo-cluster"
          ]
        }
      ]
    },
    {
      "mode": "managed",
      "type": "aws_iam_role_policy_attachment",
      "name": "demo-node-AmazonEC2ContainerRegistryReadOnly",
      "provider": "provider.aws",
      "instances": [
        {
          "schema_version": 0,
          "attributes": {
            "id": "terraform-eks-demo-node-20200802153953753300000001",
            "policy_arn": "arn:aws:iam::aws:policy/AmazonEC2ContainerRegistryReadOnly",
            "role": "terraform-eks-demo-node"
          },
          "private": "bnVsbA==",
          "dependencies": [
            "aws_iam_role.demo-node"
          ]
        }
      ]
    },
    {
      "mode": "managed",
      "type": "aws_iam_role_policy_attachment",
      "name": "demo-node-AmazonEKSWorkerNodePolicy",
      "provider": "provider.aws",
      "instances": [
        {
          "schema_version": 0,
          "attributes": {
            "id": "terraform-eks-demo-node-20200802153953778700000005",
            "policy_arn": "arn:aws:iam::aws:policy/AmazonEKSWorkerNodePolicy",
            "role": "terraform-eks-demo-node"
          },
          "private": "bnVsbA==",
          "dependencies": [
            "aws_iam_role.demo-node"
          ]
        }
      ]
    },
    {
      "mode": "managed",
      "type": "aws_iam_role_policy_attachment",
      "name": "demo-node-AmazonEKS_CNI_Policy",
      "provider": "provider.aws",
      "instances": [
        {
          "schema_version": 0,
          "attributes": {
            "id": "terraform-eks-demo-node-20200802153953766000000004",
            "policy_arn": "arn:aws:iam::aws:policy/AmazonEKS_CNI_Policy",
            "role": "terraform-eks-demo-node"
          },
          "private": "bnVsbA==",
          "dependencies": [
            "aws_iam_role.demo-node"
          ]
        }
      ]
    },
    {
      "mode": "managed",
      "type": "aws_internet_gateway",
      "name": "demo",
      "provider": "provider.aws",
      "instances": [
        {
          "schema_version": 0,
          "attributes": {
            "arn": "arn:aws:ec2:us-west-2:577953653387:internet-gateway/igw-02e5cf560cb12df3a",
            "id": "igw-02e5cf560cb12df3a",
            "owner_id": "577953653387",
            "tags": {
              "Name": "internet-gateway"
            },
            "vpc_id": "vpc-0b589dd6f3d7458d4"
          },
          "private": "bnVsbA==",
          "dependencies": [
            "aws_vpc.compute_vpc"
          ]
        }
      ]
    },
    {
      "mode": "managed",
      "type": "aws_route_table",
      "name": "demo",
      "provider": "provider.aws",
      "instances": [
        {
          "schema_version": 0,
          "attributes": {
            "id": "rtb-044073bee714787a8",
            "owner_id": "577953653387",
            "propagating_vgws": [],
            "route": [
              {
                "cidr_block": "0.0.0.0/0",
                "egress_only_gateway_id": "",
                "gateway_id": "igw-02e5cf560cb12df3a",
                "instance_id": "",
                "ipv6_cidr_block": "",
                "nat_gateway_id": "",
                "network_interface_id": "",
                "transit_gateway_id": "",
                "vpc_peering_connection_id": ""
              }
            ],
            "tags": {},
            "vpc_id": "vpc-0b589dd6f3d7458d4"
          },
          "private": "bnVsbA==",
          "dependencies": [
            "aws_internet_gateway.demo",
            "aws_vpc.compute_vpc"
          ]
        }
      ]
    },
    {
      "mode": "managed",
      "type": "aws_route_table_association",
      "name": "demo",
      "each": "list",
      "provider": "provider.aws",
      "instances": [
        {
          "index_key": 0,
          "schema_version": 0,
          "attributes": {
            "gateway_id": null,
            "id": "rtbassoc-062820a3ba37c0259",
            "route_table_id": "rtb-044073bee714787a8",
            "subnet_id": "subnet-045a67458b7750bca"
          },
          "private": "bnVsbA==",
          "dependencies": [
            "aws_internet_gateway.demo",
            "aws_route_table.demo",
            "aws_subnet.compute_subnet",
            "aws_vpc.compute_vpc"
          ]
        },
        {
          "index_key": 1,
          "schema_version": 0,
          "attributes": {
            "gateway_id": null,
            "id": "rtbassoc-0811e71ae95283ff8",
            "route_table_id": "rtb-044073bee714787a8",
            "subnet_id": "subnet-0d3924b9a2d48687e"
          },
          "private": "bnVsbA==",
          "dependencies": [
            "aws_internet_gateway.demo",
            "aws_route_table.demo",
            "aws_subnet.compute_subnet",
            "aws_vpc.compute_vpc"
          ]
        },
        {
          "index_key": 2,
          "schema_version": 0,
          "attributes": {
            "gateway_id": null,
            "id": "rtbassoc-0adad57fa3e4479c0",
            "route_table_id": "rtb-044073bee714787a8",
            "subnet_id": "subnet-005b32bc1c2dd2a6e"
          },
          "private": "bnVsbA==",
          "dependencies": [
            "aws_internet_gateway.demo",
            "aws_route_table.demo",
            "aws_subnet.compute_subnet",
            "aws_vpc.compute_vpc"
          ]
        }
      ]
    },
    {
      "mode": "managed",
      "type": "aws_security_group",
      "name": "demo-cluster",
      "provider": "provider.aws",
      "instances": [
        {
          "schema_version": 1,
          "attributes": {
            "arn": "arn:aws:ec2:us-west-2:577953653387:security-group/sg-0a3f6b51bfdca86e4",
            "description": "Cluster communication with worker nodes",
            "egress": [
              {
                "cidr_blocks": [
                  "0.0.0.0/0"
                ],
                "description": "",
                "from_port": 0,
                "ipv6_cidr_blocks": [],
                "prefix_list_ids": [],
                "protocol": "-1",
                "security_groups": [],
                "self": false,
                "to_port": 0
              }
            ],
            "id": "sg-0a3f6b51bfdca86e4",
            "ingress": [
              {
                "cidr_blocks": [
                  "105.160.79.111/32"
                ],
                "description": "Allow workstation to communicate with the cluster API Server",
                "from_port": 443,
                "ipv6_cidr_blocks": [],
                "prefix_list_ids": [],
                "protocol": "tcp",
                "security_groups": [],
                "self": false,
                "to_port": 443
              }
            ],
            "name": "terraform-eks-demo-cluster",
            "name_prefix": "",
            "owner_id": "577953653387",
            "revoke_rules_on_delete": false,
            "tags": {
              "Name": "terraform-eks-demo"
            },
            "timeouts": null,
            "vpc_id": "vpc-0b589dd6f3d7458d4"
          },
          "private": "eyJlMmJmYjczMC1lY2FhLTExZTYtOGY4OC0zNDM2M2JjN2M0YzAiOnsiY3JlYXRlIjo2MDAwMDAwMDAwMDAsImRlbGV0ZSI6NjAwMDAwMDAwMDAwfSwic2NoZW1hX3ZlcnNpb24iOiIxIn0=",
          "dependencies": [
            "aws_vpc.compute_vpc"
          ]
        }
      ]
    },
    {
      "mode": "managed",
      "type": "aws_security_group_rule",
      "name": "demo-cluster-ingress-workstation-https",
      "provider": "provider.aws",
      "instances": [
        {
          "schema_version": 2,
          "attributes": {
            "cidr_blocks": [
              "105.160.79.111/32"
            ],
            "description": "Allow workstation to communicate with the cluster API Server",
            "from_port": 443,
            "id": "sgrule-4253775196",
            "ipv6_cidr_blocks": [],
            "prefix_list_ids": [],
            "protocol": "tcp",
            "security_group_id": "sg-0a3f6b51bfdca86e4",
            "self": false,
            "source_security_group_id": null,
            "to_port": 443,
            "type": "ingress"
          },
          "private": "eyJzY2hlbWFfdmVyc2lvbiI6IjIifQ==",
          "dependencies": [
            "aws_security_group.demo-cluster",
            "aws_vpc.compute_vpc"
          ]
        }
      ]
    },
    {
      "mode": "managed",
      "type": "aws_subnet",
      "name": "compute_subnet",
      "each": "list",
      "provider": "provider.aws",
      "instances": [
        {
          "index_key": 0,
          "schema_version": 1,
          "attributes": {
            "arn": "arn:aws:ec2:us-west-2:577953653387:subnet/subnet-045a67458b7750bca",
            "assign_ipv6_address_on_creation": false,
            "availability_zone": "us-west-2a",
            "availability_zone_id": "usw2-az2",
            "cidr_block": "10.1.0.0/24",
            "id": "subnet-045a67458b7750bca",
            "ipv6_cidr_block": "",
            "ipv6_cidr_block_association_id": "",
            "map_public_ip_on_launch": true,
            "outpost_arn": "",
            "owner_id": "577953653387",
            "tags": {
              "Name": "compute-subnet",
              "kubernetes.io/cluster/laravel-nairobi-demo": "shared"
            },
            "timeouts": null,
            "vpc_id": "vpc-0b589dd6f3d7458d4"
          },
          "private": "eyJlMmJmYjczMC1lY2FhLTExZTYtOGY4OC0zNDM2M2JjN2M0YzAiOnsiY3JlYXRlIjo2MDAwMDAwMDAwMDAsImRlbGV0ZSI6MTIwMDAwMDAwMDAwMH0sInNjaGVtYV92ZXJzaW9uIjoiMSJ9",
          "dependencies": [
            "aws_vpc.compute_vpc"
          ]
        },
        {
          "index_key": 1,
          "schema_version": 1,
          "attributes": {
            "arn": "arn:aws:ec2:us-west-2:577953653387:subnet/subnet-0d3924b9a2d48687e",
            "assign_ipv6_address_on_creation": false,
            "availability_zone": "us-west-2b",
            "availability_zone_id": "usw2-az1",
            "cidr_block": "10.1.1.0/24",
            "id": "subnet-0d3924b9a2d48687e",
            "ipv6_cidr_block": "",
            "ipv6_cidr_block_association_id": "",
            "map_public_ip_on_launch": true,
            "outpost_arn": "",
            "owner_id": "577953653387",
            "tags": {
              "Name": "compute-subnet",
              "kubernetes.io/cluster/laravel-nairobi-demo": "shared"
            },
            "timeouts": null,
            "vpc_id": "vpc-0b589dd6f3d7458d4"
          },
          "private": "eyJlMmJmYjczMC1lY2FhLTExZTYtOGY4OC0zNDM2M2JjN2M0YzAiOnsiY3JlYXRlIjo2MDAwMDAwMDAwMDAsImRlbGV0ZSI6MTIwMDAwMDAwMDAwMH0sInNjaGVtYV92ZXJzaW9uIjoiMSJ9",
          "dependencies": [
            "aws_vpc.compute_vpc"
          ]
        },
        {
          "index_key": 2,
          "schema_version": 1,
          "attributes": {
            "arn": "arn:aws:ec2:us-west-2:577953653387:subnet/subnet-005b32bc1c2dd2a6e",
            "assign_ipv6_address_on_creation": false,
            "availability_zone": "us-west-2c",
            "availability_zone_id": "usw2-az3",
            "cidr_block": "10.1.2.0/24",
            "id": "subnet-005b32bc1c2dd2a6e",
            "ipv6_cidr_block": "",
            "ipv6_cidr_block_association_id": "",
            "map_public_ip_on_launch": true,
            "outpost_arn": "",
            "owner_id": "577953653387",
            "tags": {
              "Name": "compute-subnet",
              "kubernetes.io/cluster/laravel-nairobi-demo": "shared"
            },
            "timeouts": null,
            "vpc_id": "vpc-0b589dd6f3d7458d4"
          },
          "private": "eyJlMmJmYjczMC1lY2FhLTExZTYtOGY4OC0zNDM2M2JjN2M0YzAiOnsiY3JlYXRlIjo2MDAwMDAwMDAwMDAsImRlbGV0ZSI6MTIwMDAwMDAwMDAwMH0sInNjaGVtYV92ZXJzaW9uIjoiMSJ9",
          "dependencies": [
            "aws_vpc.compute_vpc"
          ]
        }
      ]
    },
    {
      "mode": "managed",
      "type": "aws_subnet",
      "name": "connectivity_subnet",
      "each": "list",
      "provider": "provider.aws",
      "instances": [
        {
          "index_key": 0,
          "schema_version": 1,
          "attributes": {
            "arn": "arn:aws:ec2:us-west-2:577953653387:subnet/subnet-05ac2a3fda2a04686",
            "assign_ipv6_address_on_creation": false,
            "availability_zone": "us-west-2a",
            "availability_zone_id": "usw2-az2",
            "cidr_block": "10.3.0.0/24",
            "id": "subnet-05ac2a3fda2a04686",
            "ipv6_cidr_block": "",
            "ipv6_cidr_block_association_id": "",
            "map_public_ip_on_launch": false,
            "outpost_arn": "",
            "owner_id": "577953653387",
            "tags": {
              "Name": "connectivity-subnet"
            },
            "timeouts": null,
            "vpc_id": "vpc-0f85d1e1c0f96ea88"
          },
          "private": "eyJlMmJmYjczMC1lY2FhLTExZTYtOGY4OC0zNDM2M2JjN2M0YzAiOnsiY3JlYXRlIjo2MDAwMDAwMDAwMDAsImRlbGV0ZSI6MTIwMDAwMDAwMDAwMH0sInNjaGVtYV92ZXJzaW9uIjoiMSJ9",
          "dependencies": [
            "aws_vpc.connectivity_vpc"
          ]
        },
        {
          "index_key": 1,
          "schema_version": 1,
          "attributes": {
            "arn": "arn:aws:ec2:us-west-2:577953653387:subnet/subnet-01a4ebca05d1700ad",
            "assign_ipv6_address_on_creation": false,
            "availability_zone": "us-west-2b",
            "availability_zone_id": "usw2-az1",
            "cidr_block": "10.3.1.0/24",
            "id": "subnet-01a4ebca05d1700ad",
            "ipv6_cidr_block": "",
            "ipv6_cidr_block_association_id": "",
            "map_public_ip_on_launch": false,
            "outpost_arn": "",
            "owner_id": "577953653387",
            "tags": {
              "Name": "connectivity-subnet"
            },
            "timeouts": null,
            "vpc_id": "vpc-0f85d1e1c0f96ea88"
          },
          "private": "eyJlMmJmYjczMC1lY2FhLTExZTYtOGY4OC0zNDM2M2JjN2M0YzAiOnsiY3JlYXRlIjo2MDAwMDAwMDAwMDAsImRlbGV0ZSI6MTIwMDAwMDAwMDAwMH0sInNjaGVtYV92ZXJzaW9uIjoiMSJ9",
          "dependencies": [
            "aws_vpc.connectivity_vpc"
          ]
        },
        {
          "index_key": 2,
          "schema_version": 1,
          "attributes": {
            "arn": "arn:aws:ec2:us-west-2:577953653387:subnet/subnet-0f9c5c1b7394c178b",
            "assign_ipv6_address_on_creation": false,
            "availability_zone": "us-west-2c",
            "availability_zone_id": "usw2-az3",
            "cidr_block": "10.3.2.0/24",
            "id": "subnet-0f9c5c1b7394c178b",
            "ipv6_cidr_block": "",
            "ipv6_cidr_block_association_id": "",
            "map_public_ip_on_launch": false,
            "outpost_arn": "",
            "owner_id": "577953653387",
            "tags": {
              "Name": "connectivity-subnet"
            },
            "timeouts": null,
            "vpc_id": "vpc-0f85d1e1c0f96ea88"
          },
          "private": "eyJlMmJmYjczMC1lY2FhLTExZTYtOGY4OC0zNDM2M2JjN2M0YzAiOnsiY3JlYXRlIjo2MDAwMDAwMDAwMDAsImRlbGV0ZSI6MTIwMDAwMDAwMDAwMH0sInNjaGVtYV92ZXJzaW9uIjoiMSJ9",
          "dependencies": [
            "aws_vpc.connectivity_vpc"
          ]
        }
      ]
    },
    {
      "mode": "managed",
      "type": "aws_subnet",
      "name": "database_subnet",
      "each": "list",
      "provider": "provider.aws",
      "instances": [
        {
          "index_key": 0,
          "schema_version": 1,
          "attributes": {
            "arn": "arn:aws:ec2:us-west-2:577953653387:subnet/subnet-08225131938a01bba",
            "assign_ipv6_address_on_creation": false,
            "availability_zone": "us-west-2a",
            "availability_zone_id": "usw2-az2",
            "cidr_block": "10.2.0.0/24",
            "id": "subnet-08225131938a01bba",
            "ipv6_cidr_block": "",
            "ipv6_cidr_block_association_id": "",
            "map_public_ip_on_launch": false,
            "outpost_arn": "",
            "owner_id": "577953653387",
            "tags": {
              "Name": "database-subnet"
            },
            "timeouts": null,
            "vpc_id": "vpc-0d7e2d6f888ec0fed"
          },
          "private": "eyJlMmJmYjczMC1lY2FhLTExZTYtOGY4OC0zNDM2M2JjN2M0YzAiOnsiY3JlYXRlIjo2MDAwMDAwMDAwMDAsImRlbGV0ZSI6MTIwMDAwMDAwMDAwMH0sInNjaGVtYV92ZXJzaW9uIjoiMSJ9",
          "dependencies": [
            "aws_vpc.database_vpc"
          ]
        },
        {
          "index_key": 1,
          "schema_version": 1,
          "attributes": {
            "arn": "arn:aws:ec2:us-west-2:577953653387:subnet/subnet-0cfa932458368580b",
            "assign_ipv6_address_on_creation": false,
            "availability_zone": "us-west-2b",
            "availability_zone_id": "usw2-az1",
            "cidr_block": "10.2.1.0/24",
            "id": "subnet-0cfa932458368580b",
            "ipv6_cidr_block": "",
            "ipv6_cidr_block_association_id": "",
            "map_public_ip_on_launch": false,
            "outpost_arn": "",
            "owner_id": "577953653387",
            "tags": {
              "Name": "database-subnet"
            },
            "timeouts": null,
            "vpc_id": "vpc-0d7e2d6f888ec0fed"
          },
          "private": "eyJlMmJmYjczMC1lY2FhLTExZTYtOGY4OC0zNDM2M2JjN2M0YzAiOnsiY3JlYXRlIjo2MDAwMDAwMDAwMDAsImRlbGV0ZSI6MTIwMDAwMDAwMDAwMH0sInNjaGVtYV92ZXJzaW9uIjoiMSJ9",
          "dependencies": [
            "aws_vpc.database_vpc"
          ]
        },
        {
          "index_key": 2,
          "schema_version": 1,
          "attributes": {
            "arn": "arn:aws:ec2:us-west-2:577953653387:subnet/subnet-06a548995c831a5aa",
            "assign_ipv6_address_on_creation": false,
            "availability_zone": "us-west-2c",
            "availability_zone_id": "usw2-az3",
            "cidr_block": "10.2.2.0/24",
            "id": "subnet-06a548995c831a5aa",
            "ipv6_cidr_block": "",
            "ipv6_cidr_block_association_id": "",
            "map_public_ip_on_launch": false,
            "outpost_arn": "",
            "owner_id": "577953653387",
            "tags": {
              "Name": "database-subnet"
            },
            "timeouts": null,
            "vpc_id": "vpc-0d7e2d6f888ec0fed"
          },
          "private": "eyJlMmJmYjczMC1lY2FhLTExZTYtOGY4OC0zNDM2M2JjN2M0YzAiOnsiY3JlYXRlIjo2MDAwMDAwMDAwMDAsImRlbGV0ZSI6MTIwMDAwMDAwMDAwMH0sInNjaGVtYV92ZXJzaW9uIjoiMSJ9",
          "dependencies": [
            "aws_vpc.database_vpc"
          ]
        }
      ]
    },
    {
      "mode": "managed",
      "type": "aws_vpc",
      "name": "compute_vpc",
      "provider": "provider.aws",
      "instances": [
        {
          "schema_version": 1,
          "attributes": {
            "arn": "arn:aws:ec2:us-west-2:577953653387:vpc/vpc-0b589dd6f3d7458d4",
            "assign_generated_ipv6_cidr_block": false,
            "cidr_block": "10.1.0.0/16",
            "default_network_acl_id": "acl-070f6cd6ef2842ba5",
            "default_route_table_id": "rtb-0002370269e8f570d",
            "default_security_group_id": "sg-0401881d1f606f0d6",
            "dhcp_options_id": "dopt-b55322cd",
            "enable_classiclink": false,
            "enable_classiclink_dns_support": false,
            "enable_dns_hostnames": false,
            "enable_dns_support": true,
            "id": "vpc-0b589dd6f3d7458d4",
            "instance_tenancy": "default",
            "ipv6_association_id": "",
            "ipv6_cidr_block": "",
            "main_route_table_id": "rtb-0002370269e8f570d",
            "owner_id": "577953653387",
            "tags": {
              "Name": "compute-vpc",
              "kubernetes.io/cluster/laravel-nairobi-demo": "shared"
            }
          },
          "private": "eyJzY2hlbWFfdmVyc2lvbiI6IjEifQ=="
        }
      ]
    },
    {
      "mode": "managed",
      "type": "aws_vpc",
      "name": "connectivity_vpc",
      "provider": "provider.aws",
      "instances": [
        {
          "schema_version": 1,
          "attributes": {
            "arn": "arn:aws:ec2:us-west-2:577953653387:vpc/vpc-0f85d1e1c0f96ea88",
            "assign_generated_ipv6_cidr_block": false,
            "cidr_block": "10.3.0.0/16",
            "default_network_acl_id": "acl-0792b7e152e7cc0fb",
            "default_route_table_id": "rtb-0486402c2913bc59c",
            "default_security_group_id": "sg-01b23f03391056118",
            "dhcp_options_id": "dopt-b55322cd",
            "enable_classiclink": false,
            "enable_classiclink_dns_support": false,
            "enable_dns_hostnames": false,
            "enable_dns_support": true,
            "id": "vpc-0f85d1e1c0f96ea88",
            "instance_tenancy": "default",
            "ipv6_association_id": "",
            "ipv6_cidr_block": "",
            "main_route_table_id": "rtb-0486402c2913bc59c",
            "owner_id": "577953653387",
            "tags": {
              "Name": "connectivity-vpc"
            }
          },
          "private": "eyJzY2hlbWFfdmVyc2lvbiI6IjEifQ=="
        }
      ]
    },
    {
      "mode": "managed",
      "type": "aws_vpc",
      "name": "database_vpc",
      "provider": "provider.aws",
      "instances": [
        {
          "schema_version": 1,
          "attributes": {
            "arn": "arn:aws:ec2:us-west-2:577953653387:vpc/vpc-0d7e2d6f888ec0fed",
            "assign_generated_ipv6_cidr_block": false,
            "cidr_block": "10.2.0.0/16",
            "default_network_acl_id": "acl-0a12f4e38062137b1",
            "default_route_table_id": "rtb-0c2278b37c0647f55",
            "default_security_group_id": "sg-05c8cb385a1850a3b",
            "dhcp_options_id": "dopt-b55322cd",
            "enable_classiclink": false,
            "enable_classiclink_dns_support": false,
            "enable_dns_hostnames": false,
            "enable_dns_support": true,
            "id": "vpc-0d7e2d6f888ec0fed",
            "instance_tenancy": "default",
            "ipv6_association_id": "",
            "ipv6_cidr_block": "",
            "main_route_table_id": "rtb-0c2278b37c0647f55",
            "owner_id": "577953653387",
            "tags": {
              "Name": "databse-vpc"
            }
          },
          "private": "eyJzY2hlbWFfdmVyc2lvbiI6IjEifQ=="
        }
      ]
    },
    {
      "mode": "managed",
      "type": "aws_vpc_peering_connection",
      "name": "compute_connectivity_peering_connection",
      "provider": "provider.aws",
      "instances": [
        {
          "schema_version": 0,
          "attributes": {
            "accept_status": "active",
            "accepter": [
              {
                "allow_classic_link_to_remote_vpc": false,
                "allow_remote_vpc_dns_resolution": true,
                "allow_vpc_to_remote_classic_link": false
              }
            ],
            "auto_accept": true,
            "id": "pcx-00626fe3e4b3a27c9",
            "peer_owner_id": "577953653387",
            "peer_region": "us-west-2",
            "peer_vpc_id": "vpc-0b589dd6f3d7458d4",
            "requester": [
              {
                "allow_classic_link_to_remote_vpc": false,
                "allow_remote_vpc_dns_resolution": true,
                "allow_vpc_to_remote_classic_link": false
              }
            ],
            "tags": {
              "Name": "compute-connectivity-peering-connection"
            },
            "timeouts": null,
            "vpc_id": "vpc-0f85d1e1c0f96ea88"
          },
          "private": "eyJlMmJmYjczMC1lY2FhLTExZTYtOGY4OC0zNDM2M2JjN2M0YzAiOnsiY3JlYXRlIjo2MDAwMDAwMDAwMCwiZGVsZXRlIjo2MDAwMDAwMDAwMCwidXBkYXRlIjo2MDAwMDAwMDAwMH19",
          "dependencies": [
            "aws_vpc.compute_vpc",
            "aws_vpc.connectivity_vpc"
          ]
        }
      ]
    },
    {
      "mode": "managed",
      "type": "aws_vpc_peering_connection",
      "name": "compute_database_peering_connection",
      "provider": "provider.aws",
      "instances": [
        {
          "schema_version": 0,
          "attributes": {
            "accept_status": "active",
            "accepter": [
              {
                "allow_classic_link_to_remote_vpc": false,
                "allow_remote_vpc_dns_resolution": true,
                "allow_vpc_to_remote_classic_link": false
              }
            ],
            "auto_accept": true,
            "id": "pcx-01369443e68186f15",
            "peer_owner_id": "577953653387",
            "peer_region": "us-west-2",
            "peer_vpc_id": "vpc-0b589dd6f3d7458d4",
            "requester": [
              {
                "allow_classic_link_to_remote_vpc": false,
                "allow_remote_vpc_dns_resolution": true,
                "allow_vpc_to_remote_classic_link": false
              }
            ],
            "tags": {
              "Name": "compute-database-peering-connection"
            },
            "timeouts": null,
            "vpc_id": "vpc-0d7e2d6f888ec0fed"
          },
          "private": "eyJlMmJmYjczMC1lY2FhLTExZTYtOGY4OC0zNDM2M2JjN2M0YzAiOnsiY3JlYXRlIjo2MDAwMDAwMDAwMCwiZGVsZXRlIjo2MDAwMDAwMDAwMCwidXBkYXRlIjo2MDAwMDAwMDAwMH19",
          "dependencies": [
            "aws_vpc.compute_vpc",
            "aws_vpc.database_vpc"
          ]
        }
      ]
    }
  ]
}
